<?xml version="1.0" encoding="utf-8"?>
<Project ToolsVersion="4.0" xmlns="http://schemas.microsoft.com/developer/msbuild/2003">
  <ItemGroup>
    <Filter Include="Source Files">
      <UniqueIdentifier>{4FC737F1-C7A5-4376-A066-2A32D752A2FF}</UniqueIdentifier>
      <Extensions>cpp;c;cc;cxx;c++;cppm;ixx;def;odl;idl;hpj;bat;asm;asmx</Extensions>
    </Filter>
    <Filter Include="Header Files">
      <UniqueIdentifier>{93995380-89BD-4b04-88EB-625FBE52EBFB}</UniqueIdentifier>
      <Extensions>h;hh;hpp;hxx;h++;hm;inl;inc;ipp;xsd</Extensions>
    </Filter>
    <Filter Include="Resource Files">
      <UniqueIdentifier>{67DA6AB6-F800-4c08-8B7A-83BB121AAD01}</UniqueIdentifier>
      <Extensions>rc;ico;cur;bmp;dlg;rc2;rct;bin;rgs;gif;jpg;jpeg;jpe;resx;tiff;tif;png;wav;mfcribbon-ms</Extensions>
    </Filter>
    <Filter Include="for Build">
      <UniqueIdentifier>{F1DF9757-14C3-43FA-8525-6665FEDE7BA5}</UniqueIdentifier>
      <Extensions>props</Extensions>
    </Filter>
  </ItemGroup>
  <ItemGroup>
    <ClCompile Include="external\glad\src\glad.c">
      <Filter>Source Files</Filter>
    </ClCompile>
    <ClCompile Include="external\wren\vm\wren_compiler.c">
      <Filter>Source Files</Filter>
    </ClCompile>
    <ClCompile Include="external\wren\vm\wren_core.c">
      <Filter>Source Files</Filter>
    </ClCompile>
    <ClCompile Include="external\wren\vm\wren_debug.c">
      <Filter>Source Files</Filter>
    </ClCompile>
    <ClCompile Include="external\wren\vm\wren_primitive.c">
      <Filter>Source Files</Filter>
    </ClCompile>
    <ClCompile Include="external\wren\vm\wren_utils.c">
      <Filter>Source Files</Filter>
    </ClCompile>
    <ClCompile Include="external\wren\vm\wren_value.c">
      <Filter>Source Files</Filter>
    </ClCompile>
    <ClCompile Include="external\wren\vm\wren_vm.c">
      <Filter>Source Files</Filter>
    </ClCompile>
    <ClCompile Include="external\wren\optional\wren_opt_meta.c">
      <Filter>Source Files</Filter>
    </ClCompile>
    <ClCompile Include="external\wren\optional\wren_opt_random.c">
      <Filter>Source Files</Filter>
    </ClCompile>
    <ClCompile Include="external\imgui\imgui_demo.cpp">
      <Filter>Source Files</Filter>
    </ClCompile>
    <ClCompile Include="external\imgui\imgui.cpp">
      <Filter>Source Files</Filter>
    </ClCompile>
    <ClCompile Include="external\imgui\imgui_draw.cpp">
      <Filter>Source Files</Filter>
    </ClCompile>
    <ClCompile Include="external\imgui\imgui_impl.cpp">
      <Filter>Source Files</Filter>
    </ClCompile>
    <ClCompile Include="external\imgui\imgui_impl_opengl3.cpp">
      <Filter>Source Files</Filter>
    </ClCompile>
    <ClCompile Include="external\imgui\imgui_impl_switch.cpp">
      <Filter>Source Files</Filter>
    </ClCompile>
    <ClCompile Include="external\imgui\imgui_widgets.cpp">
      <Filter>Source Files</Filter>
    </ClCompile>
    <ClCompile Include="external\imgui\imgui_impl_ps5.cpp">
      <Filter>Source Files</Filter>
    </ClCompile>
    <ClCompile Include="external\imgui\implot_items.cpp">
      <Filter>Source Files</Filter>
    </ClCompile>
    <ClCompile Include="external\imgui\implot.cpp">
      <Filter>Source Files</Filter>
    </ClCompile>
    <ClCompile Include="external\imgui\implot_demo.cpp">
      <Filter>Source Files</Filter>
    </ClCompile>
    <ClCompile Include="external\imgui\imgui_tables.cpp">
      <Filter>Source Files</Filter>
    </ClCompile>
    <ClCompile Include="external\imgui\misc\cpp\imgui_stdlib.cpp">
      <Filter>Source Files</Filter>
    </ClCompile>
    <ClCompile Include="external\miniz\src\miniz.c">
      <Filter>Source Files</Filter>
    </ClCompile>
    <ClCompile Include="external\miniz\src\miniz_tdef.c">
      <Filter>Source Files</Filter>
    </ClCompile>
    <ClCompile Include="external\miniz\src\miniz_tinfl.c">
      <Filter>Source Files</Filter>
    </ClCompile>
    <ClCompile Include="external\miniz\src\miniz_zip.c">
      <Filter>Source Files</Filter>
    </ClCompile>
    <ClCompile Include="code\cooker.cpp">
      <Filter>Source Files</Filter>
    </ClCompile>
    <ClCompile Include="platforms\pc\code\fileio_pc.cpp">
      <Filter>Source Files</Filter>
    </ClCompile>
    <ClCompile Include="platforms\opengl\code\render_gl.cpp">
      <Filter>Source Files</Filter>
    </ClCompile>
    <ClCompile Include="platforms\pc\code\account_pc.cpp">
      <Filter>Source Files</Filter>
    </ClCompile>
    <ClCompile Include="code\resource_pipeline.cpp">
      <Filter>Source Files</Filter>
    </ClCompile>
    <ClCompile Include="platforms\switch\code\account_switch.cpp">
      <Filter>Source Files</Filter>
    </ClCompile>
    <ClCompile Include="code\audio.cpp">
      <Filter>Source Files</Filter>
    </ClCompile>
    <ClCompile Include="code\configuration.cpp">
      <Filter>Source Files</Filter>
    </ClCompile>
    <ClCompile Include="code\device.cpp">
      <Filter>Source Files</Filter>
    </ClCompile>
    <ClCompile Include="platforms\pc\code\device_pc.cpp">
      <Filter>Source Files</Filter>
    </ClCompile>
    <ClCompile Include="platforms\switch\code\device_switch.cpp">
      <Filter>Source Files</Filter>
    </ClCompile>
    <ClCompile Include="code\fileio.cpp">
      <Filter>Source Files</Filter>
    </ClCompile>
    <ClCompile Include="platforms\pc\code\input_pc.cpp">
      <Filter>Source Files</Filter>
    </ClCompile>
    <ClCompile Include="platforms\switch\code\fileio_switch.cpp">
      <Filter>Source Files</Filter>
    </ClCompile>
    <ClCompile Include="platforms\switch\code\input_switch.cpp">
      <Filter>Source Files</Filter>
    </ClCompile>
    <ClCompile Include="code\inspector.cpp">
      <Filter>Source Files</Filter>
    </ClCompile>
    <ClCompile Include="code\log.cpp">
      <Filter>Source Files</Filter>
    </ClCompile>
    <ClCompile Include="code\main.cpp">
      <Filter>Source Files</Filter>
    </ClCompile>
    <ClCompile Include="platforms\opengl\code\opengl.cpp">
      <Filter>Source Files</Filter>
    </ClCompile>
    <ClCompile Include="code\profiler.cpp">
      <Filter>Source Files</Filter>
    </ClCompile>
    <ClCompile Include="platforms\ps5\code\account_ps5.cpp">
      <Filter>Source Files</Filter>
    </ClCompile>
    <ClCompile Include="platforms\ps5\code\device_ps5.cpp">
      <Filter>Source Files</Filter>
    </ClCompile>
    <ClCompile Include="platforms\ps5\code\input_ps5.cpp">
      <Filter>Source Files</Filter>
    </ClCompile>
    <ClCompile Include="platforms\ps5\code\render_ps5.cpp">
      <Filter>Source Files</Filter>
    </ClCompile>
    <ClCompile Include="platforms\ps5\code\user_malloc.cpp">
      <Filter>Source Files</Filter>
    </ClCompile>
    <ClCompile Include="platforms\ps5\code\user_new.cpp">
      <Filter>Source Files</Filter>
    </ClCompile>
    <ClCompile Include="code\data.cpp">
      <Filter>Source Files</Filter>
    </ClCompile>
    <ClCompile Include="code\render.cpp">
      <Filter>Source Files</Filter>
    </ClCompile>
    <ClCompile Include="code\script.cpp">
      <Filter>Source Files</Filter>
    </ClCompile>
    <ClCompile Include="code\tools.cpp">
      <Filter>Source Files</Filter>
    </ClCompile>
    <ClCompile Include="code\xs.cpp">
      <Filter>Source Files</Filter>
    </ClCompile>
    <ClCompile Include="external\imgui\imgui_impl_sdl3.cpp">
      <Filter>Source Files</Filter>
    </ClCompile>
  </ItemGroup>
  <ItemGroup>
    <CustomBuild Include="nintendo\xs.aarch64.nmeta" />
    <CustomBuild Include="nintendo\icon.bmp">
      <Filter>Resource Files</Filter>
    </CustomBuild>
  </ItemGroup>
  <ItemGroup>
    <ClInclude Include="external\wren\optional\wren_opt_meta.h">
      <Filter>Header Files</Filter>
    </ClInclude>
    <ClInclude Include="external\wren\optional\wren_opt_random.h">
      <Filter>Header Files</Filter>
    </ClInclude>
    <ClInclude Include="external\wren\vm\wren_common.h">
      <Filter>Header Files</Filter>
    </ClInclude>
    <ClInclude Include="external\wren\vm\wren_compiler.h">
      <Filter>Header Files</Filter>
    </ClInclude>
    <ClInclude Include="external\wren\vm\wren_core.h">
      <Filter>Header Files</Filter>
    </ClInclude>
    <ClInclude Include="external\wren\vm\wren_debug.h">
      <Filter>Header Files</Filter>
    </ClInclude>
    <ClInclude Include="external\wren\vm\wren_math.h">
      <Filter>Header Files</Filter>
    </ClInclude>
    <ClInclude Include="external\wren\vm\wren_opcodes.h">
      <Filter>Header Files</Filter>
    </ClInclude>
    <ClInclude Include="external\wren\vm\wren_primitive.h">
      <Filter>Header Files</Filter>
    </ClInclude>
    <ClInclude Include="external\wren\vm\wren_utils.h">
      <Filter>Header Files</Filter>
    </ClInclude>
    <ClInclude Include="external\wren\vm\wren_value.h">
      <Filter>Header Files</Filter>
    </ClInclude>
    <ClInclude Include="external\wren\vm\wren_vm.h">
      <Filter>Header Files</Filter>
    </ClInclude>
    <ClInclude Include="external\wren\include\wren.h">
      <Filter>Header Files</Filter>
    </ClInclude>
    <ClInclude Include="external\wren\include\wren.hpp">
      <Filter>Header Files</Filter>
    </ClInclude>
    <ClInclude Include="external\imgui\imgui_impl_opengl3.h">
      <Filter>Header Files</Filter>
    </ClInclude>
    <ClInclude Include="external\imgui\imgui_impl_switch.h">
      <Filter>Header Files</Filter>
    </ClInclude>
    <ClInclude Include="external\imgui\imgui_impl_ps5.h">
      <Filter>Header Files</Filter>
    </ClInclude>
    <ClInclude Include="resource.h">
      <Filter>Header Files</Filter>
    </ClInclude>
    <ClInclude Include="external\fmod\fmod.h">
      <Filter>Header Files</Filter>
    </ClInclude>
    <ClInclude Include="external\fmod\fmod.hpp">
      <Filter>Header Files</Filter>
    </ClInclude>
    <ClInclude Include="external\fmod\fmod_codec.h">
      <Filter>Header Files</Filter>
    </ClInclude>
    <ClInclude Include="external\fmod\fmod_common.h">
      <Filter>Header Files</Filter>
    </ClInclude>
    <ClInclude Include="external\fmod\fmod_dsp.h">
      <Filter>Header Files</Filter>
    </ClInclude>
    <ClInclude Include="external\fmod\fmod_dsp_effects.h">
      <Filter>Header Files</Filter>
    </ClInclude>
    <ClInclude Include="external\fmod\fmod_errors.h">
      <Filter>Header Files</Filter>
    </ClInclude>
    <ClInclude Include="external\fmod\fmod_output.h">
      <Filter>Header Files</Filter>
    </ClInclude>
    <ClInclude Include="external\fmod\fmod_studio.h">
      <Filter>Header Files</Filter>
    </ClInclude>
    <ClInclude Include="external\fmod\fmod_studio.hpp">
      <Filter>Header Files</Filter>
    </ClInclude>
    <ClInclude Include="external\fmod\fmod_studio_common.h">
      <Filter>Header Files</Filter>
    </ClInclude>
    <ClInclude Include="external\imgui\misc\cpp\imgui_stdlib.h">
      <Filter>Header Files</Filter>
    </ClInclude>
    <ClInclude Include="external\miniz\include\miniz\miniz.h">
      <Filter>Header Files</Filter>
    </ClInclude>
    <ClInclude Include="external\miniz\include\miniz\miniz_common.h">
      <Filter>Header Files</Filter>
    </ClInclude>
    <ClInclude Include="external\miniz\include\miniz\miniz_export.h">
      <Filter>Header Files</Filter>
    </ClInclude>
    <ClInclude Include="external\miniz\include\miniz\miniz_tdef.h">
      <Filter>Header Files</Filter>
    </ClInclude>
    <ClInclude Include="external\miniz\include\miniz\miniz_tinfl.h">
      <Filter>Header Files</Filter>
    </ClInclude>
    <ClInclude Include="external\miniz\include\miniz\miniz_zip.h">
      <Filter>Header Files</Filter>
    </ClInclude>
    <ClInclude Include="code\account.hpp">
      <Filter>Header Files</Filter>
    </ClInclude>
    <ClInclude Include="platforms\switch\code\account_switch.hpp">
      <Filter>Header Files</Filter>
    </ClInclude>
    <ClInclude Include="code\audio.hpp">
      <Filter>Header Files</Filter>
    </ClInclude>
    <ClInclude Include="code\color.hpp">
      <Filter>Header Files</Filter>
    </ClInclude>
    <ClInclude Include="code\configuration.hpp">
      <Filter>Header Files</Filter>
    </ClInclude>
    <ClInclude Include="code\cooker.hpp">
      <Filter>Header Files</Filter>
    </ClInclude>
    <ClInclude Include="code\defines.hpp">
      <Filter>Header Files</Filter>
    </ClInclude>
    <ClInclude Include="code\device.hpp">
      <Filter>Header Files</Filter>
    </ClInclude>
    <ClInclude Include="code\device_pc.hpp">
      <Filter>Header Files</Filter>
    </ClInclude>
    <ClInclude Include="code\fileio.hpp">
      <Filter>Header Files</Filter>
    </ClInclude>
    <ClInclude Include="code\input.hpp">
      <Filter>Header Files</Filter>
    </ClInclude>
    <ClInclude Include="code\inspector.hpp">
      <Filter>Header Files</Filter>
    </ClInclude>
    <ClInclude Include="code\log.hpp">
      <Filter>Header Files</Filter>
    </ClInclude>
    <ClInclude Include="platforms\opengl\code\opengl.hpp">
      <Filter>Header Files</Filter>
    </ClInclude>
    <ClInclude Include="code\profiler.hpp">
      <Filter>Header Files</Filter>
    </ClInclude>
    <ClInclude Include="code\data.hpp">
      <Filter>Header Files</Filter>
    </ClInclude>
    <ClInclude Include="code\render.hpp">
      <Filter>Header Files</Filter>
    </ClInclude>
    <ClInclude Include="code\resource_pipeline.hpp">
      <Filter>Header Files</Filter>
    </ClInclude>
    <ClInclude Include="code\script.hpp">
      <Filter>Header Files</Filter>
    </ClInclude>
    <ClInclude Include="code\tools.hpp">
      <Filter>Header Files</Filter>
    </ClInclude>
    <ClInclude Include="code\types.hpp">
      <Filter>Header Files</Filter>
    </ClInclude>
    <ClInclude Include="code\version.hpp">
      <Filter>Header Files</Filter>
    </ClInclude>
    <ClInclude Include="code\xs.hpp">
      <Filter>Header Files</Filter>
    </ClInclude>
    <ClInclude Include="platforms\ps5\code\address_sanitizer_utils.h">
      <Filter>Header Files</Filter>
    </ClInclude>
    <ClInclude Include="platforms\ps5\code\shaders\camera_srt.h">
      <Filter>Header Files</Filter>
    </ClInclude>
    <ClInclude Include="platforms\ps5\code\shaders\shader_types.h">
      <Filter>Header Files</Filter>
    </ClInclude>
    <ClInclude Include="platforms\ps5\code\shaders\vertex_format.h">
      <Filter>Header Files</Filter>
    </ClInclude>
    <ClInclude Include="code\render_internal.hpp">
      <Filter>Header Files</Filter>
    </ClInclude>
    <ClInclude Include="external\imgui\imconfig.h">
      <Filter>Header Files</Filter>
    </ClInclude>
    <ClInclude Include="external\imgui\imgui.h">
      <Filter>Header Files</Filter>
    </ClInclude>
    <ClInclude Include="external\imgui\imgui_impl.h">
      <Filter>Header Files</Filter>
    </ClInclude>
    <ClInclude Include="external\imgui\imgui_internal.h">
      <Filter>Header Files</Filter>
    </ClInclude>
  </ItemGroup>
  <ItemGroup>
    <None Include="external\wren\optional\wren_opt_meta.wren" />
    <None Include="external\wren\optional\wren_opt_meta.wren.inc">
      <Filter>Header Files</Filter>
    </None>
    <None Include="external\wren\optional\wren_opt_random.wren" />
    <None Include="external\wren\optional\wren_opt_random.wren.inc">
      <Filter>Header Files</Filter>
    </None>
    <None Include="external\wren\vm\wren_core.wren" />
    <None Include="external\wren\vm\wren_core.wren.inc">
      <Filter>Header Files</Filter>
    </None>
    <None Include="external\imgui\debuggers\imgui.natstepfilter" />
  </ItemGroup>
  <ItemGroup>
    <ResourceCompile Include="xs.rc">
      <Filter>Resource Files</Filter>
    </ResourceCompile>
  </ItemGroup>
  <ItemGroup>
    <Image Include="resources\xs.ico">
      <Filter>Resource Files</Filter>
    </Image>
  </ItemGroup>
  <ItemGroup>
    <Natvis Include="external\imgui\misc\debuggers\imgui.natvis" />
    <Natvis Include="external\glm\util\glm.natvis" />
  </ItemGroup>
</Project>