// !$*UTF8*$!
{
	archiveVersion = 1;
	classes = {
	};
	objectVersion = 56;
	objects = {

/* Begin PBXBuildFile section */
		5A1116FE2A1104D70069A591 /* libglfw3.a in Frameworks */ = {isa = PBXBuildFile; fileRef = 5A1116FD2A1104D70069A591 /* libglfw3.a */; };
		5A1117002A11053E0069A591 /* Cocoa.framework in Frameworks */ = {isa = PBXBuildFile; fileRef = 5A1116FF2A11053E0069A591 /* Cocoa.framework */; };
		5A1117022A1105520069A591 /* IOKit.framework in Frameworks */ = {isa = PBXBuildFile; fileRef = 5A1117012A1105520069A591 /* IOKit.framework */; };
		5A11172D2A1107180069A591 /* device_pc.cpp in Sources */ = {isa = PBXBuildFile; fileRef = 5A11170B2A1107180069A591 /* device_pc.cpp */; };
		5A11172E2A1107180069A591 /* input_pc.cpp in Sources */ = {isa = PBXBuildFile; fileRef = 5A11170C2A1107180069A591 /* input_pc.cpp */; };
		5A11172F2A1107180069A591 /* account_pc.cpp in Sources */ = {isa = PBXBuildFile; fileRef = 5A11170D2A1107180069A591 /* account_pc.cpp */; };
		5A1117302A1107180069A591 /* render.cpp in Sources */ = {isa = PBXBuildFile; fileRef = 5A11170E2A1107180069A591 /* render.cpp */; };
		5A1117312A1107180069A591 /* render_gl.cpp in Sources */ = {isa = PBXBuildFile; fileRef = 5A11170F2A1107180069A591 /* render_gl.cpp */; };
		5A1117322A1107180069A591 /* log.cpp in Sources */ = {isa = PBXBuildFile; fileRef = 5A1117102A1107180069A591 /* log.cpp */; };
		5A1117332A1107180069A591 /* profiler.cpp in Sources */ = {isa = PBXBuildFile; fileRef = 5A1117112A1107180069A591 /* profiler.cpp */; };
		5A1117342A1107180069A591 /* script.cpp in Sources */ = {isa = PBXBuildFile; fileRef = 5A1117132A1107180069A591 /* script.cpp */; };
		5A11173B2A1107180069A591 /* audio.cpp in Sources */ = {isa = PBXBuildFile; fileRef = 5A1117202A1107180069A591 /* audio.cpp */; };
		5A11173C2A1107180069A591 /* device.cpp in Sources */ = {isa = PBXBuildFile; fileRef = 5A1117212A1107180069A591 /* device.cpp */; };
		5A11173D2A1107180069A591 /* fileio.cpp in Sources */ = {isa = PBXBuildFile; fileRef = 5A1117222A1107180069A591 /* fileio.cpp */; };
		5A11173E2A1107180069A591 /* data.cpp in Sources */ = {isa = PBXBuildFile; fileRef = 5A1117232A1107180069A591 /* data.cpp */; };
		5A11173F2A1107180069A591 /* opengl.cpp in Sources */ = {isa = PBXBuildFile; fileRef = 5A1117242A1107180069A591 /* opengl.cpp */; };
		5A1117402A1107180069A591 /* inspector.cpp in Sources */ = {isa = PBXBuildFile; fileRef = 5A1117252A1107180069A591 /* inspector.cpp */; };
		5A1117412A1107180069A591 /* configuration.cpp in Sources */ = {isa = PBXBuildFile; fileRef = 5A1117262A1107180069A591 /* configuration.cpp */; };
		5A1117422A1107180069A591 /* tools.cpp in Sources */ = {isa = PBXBuildFile; fileRef = 5A1117272A1107180069A591 /* tools.cpp */; };
		5A1117462A1107180069A591 /* main.cpp in Sources */ = {isa = PBXBuildFile; fileRef = 5A11172C2A1107180069A591 /* main.cpp */; };
		5A11178D2A112A870069A591 /* imgui_widgets.cpp in Sources */ = {isa = PBXBuildFile; fileRef = 5A1117612A112A870069A591 /* imgui_widgets.cpp */; };
		5A11178E2A112A870069A591 /* implot.cpp in Sources */ = {isa = PBXBuildFile; fileRef = 5A1117652A112A870069A591 /* implot.cpp */; };
		5A11178F2A112A870069A591 /* imgui_impl.cpp in Sources */ = {isa = PBXBuildFile; fileRef = 5A1117662A112A870069A591 /* imgui_impl.cpp */; };
		5A1117922A112A870069A591 /* implot_items.cpp in Sources */ = {isa = PBXBuildFile; fileRef = 5A1117742A112A870069A591 /* implot_items.cpp */; };
		5A1117932A112A870069A591 /* imgui.cpp in Sources */ = {isa = PBXBuildFile; fileRef = 5A11177B2A112A870069A591 /* imgui.cpp */; };
		5A1117952A112A870069A591 /* imgui_stdlib.cpp in Sources */ = {isa = PBXBuildFile; fileRef = 5A1117802A112A870069A591 /* imgui_stdlib.cpp */; };
		5A1117962A112A870069A591 /* imgui_impl_opengl3.cpp in Sources */ = {isa = PBXBuildFile; fileRef = 5A1117842A112A870069A591 /* imgui_impl_opengl3.cpp */; };
		5A1117972A112A870069A591 /* imgui_tables.cpp in Sources */ = {isa = PBXBuildFile; fileRef = 5A1117862A112A870069A591 /* imgui_tables.cpp */; };
		5A1117982A112A870069A591 /* implot_demo.cpp in Sources */ = {isa = PBXBuildFile; fileRef = 5A1117872A112A870069A591 /* implot_demo.cpp */; };
		5A1117992A112A870069A591 /* imgui_impl_glfw.cpp in Sources */ = {isa = PBXBuildFile; fileRef = 5A1117892A112A870069A591 /* imgui_impl_glfw.cpp */; };
		5A11179A2A112A870069A591 /* imgui_demo.cpp in Sources */ = {isa = PBXBuildFile; fileRef = 5A11178A2A112A870069A591 /* imgui_demo.cpp */; };
		5A11179B2A112A870069A591 /* imgui_draw.cpp in Sources */ = {isa = PBXBuildFile; fileRef = 5A11178C2A112A870069A591 /* imgui_draw.cpp */; };
		5A1117DA2A112D780069A591 /* wren_opt_random.c in Sources */ = {isa = PBXBuildFile; fileRef = 5A1117BE2A112D780069A591 /* wren_opt_random.c */; };
		5A1117DB2A112D780069A591 /* wren_opt_meta.wren.inc in Sources */ = {isa = PBXBuildFile; fileRef = 5A1117C32A112D780069A591 /* wren_opt_meta.wren.inc */; };
		5A1117DC2A112D780069A591 /* wren_opt_meta.c in Sources */ = {isa = PBXBuildFile; fileRef = 5A1117C42A112D780069A591 /* wren_opt_meta.c */; };
		5A1117DD2A112D780069A591 /* wren_opt_random.wren.inc in Sources */ = {isa = PBXBuildFile; fileRef = 5A1117C52A112D780069A591 /* wren_opt_random.wren.inc */; };
		5A1117DE2A112D780069A591 /* wren_core.wren.inc in Sources */ = {isa = PBXBuildFile; fileRef = 5A1117CB2A112D780069A591 /* wren_core.wren.inc */; };
		5A1117DF2A112D780069A591 /* wren_vm.c in Sources */ = {isa = PBXBuildFile; fileRef = 5A1117D02A112D780069A591 /* wren_vm.c */; };
		5A1117E02A112D780069A591 /* wren_value.c in Sources */ = {isa = PBXBuildFile; fileRef = 5A1117D12A112D780069A591 /* wren_value.c */; };
		5A1117E12A112D780069A591 /* wren_compiler.c in Sources */ = {isa = PBXBuildFile; fileRef = 5A1117D22A112D780069A591 /* wren_compiler.c */; };
		5A1117E22A112D780069A591 /* wren_primitive.c in Sources */ = {isa = PBXBuildFile; fileRef = 5A1117D52A112D780069A591 /* wren_primitive.c */; };
		5A1117E32A112D780069A591 /* wren_utils.c in Sources */ = {isa = PBXBuildFile; fileRef = 5A1117D72A112D780069A591 /* wren_utils.c */; };
		5A1117E42A112D780069A591 /* wren_core.c in Sources */ = {isa = PBXBuildFile; fileRef = 5A1117D82A112D780069A591 /* wren_core.c */; };
		5A1117E52A112D780069A591 /* wren_debug.c in Sources */ = {isa = PBXBuildFile; fileRef = 5A1117D92A112D780069A591 /* wren_debug.c */; };
		5A5918AD2A10F0520029C1BB /* OpenGL.framework in Frameworks */ = {isa = PBXBuildFile; fileRef = 5A5918AC2A10F0520029C1BB /* OpenGL.framework */; };
/* End PBXBuildFile section */

/* Begin PBXCopyFilesBuildPhase section */
		5A5918A12A10EEBC0029C1BB /* CopyFiles */ = {
			isa = PBXCopyFilesBuildPhase;
			buildActionMask = 2147483647;
			dstPath = /usr/share/man/man1/;
			dstSubfolderSpec = 0;
			files = (
			);
			runOnlyForDeploymentPostprocessing = 1;
		};
/* End PBXCopyFilesBuildPhase section */

/* Begin PBXFileReference section */
		5A1116FD2A1104D70069A591 /* libglfw3.a */ = {isa = PBXFileReference; lastKnownFileType = archive.ar; name = libglfw3.a; path = external/GLFW/libglfw3.a; sourceTree = "<group>"; };
		5A1116FF2A11053E0069A591 /* Cocoa.framework */ = {isa = PBXFileReference; lastKnownFileType = wrapper.framework; name = Cocoa.framework; path = System/Library/Frameworks/Cocoa.framework; sourceTree = SDKROOT; };
		5A1117012A1105520069A591 /* IOKit.framework */ = {isa = PBXFileReference; lastKnownFileType = wrapper.framework; name = IOKit.framework; path = System/Library/Frameworks/IOKit.framework; sourceTree = SDKROOT; };
		5A11170B2A1107180069A591 /* device_pc.cpp */ = {isa = PBXFileReference; fileEncoding = 4; lastKnownFileType = sourcecode.cpp.cpp; path = device_pc.cpp; sourceTree = "<group>"; };
		5A11170C2A1107180069A591 /* input_pc.cpp */ = {isa = PBXFileReference; fileEncoding = 4; lastKnownFileType = sourcecode.cpp.cpp; path = input_pc.cpp; sourceTree = "<group>"; };
		5A11170D2A1107180069A591 /* account_pc.cpp */ = {isa = PBXFileReference; fileEncoding = 4; lastKnownFileType = sourcecode.cpp.cpp; path = account_pc.cpp; sourceTree = "<group>"; };
		5A11170E2A1107180069A591 /* render.cpp */ = {isa = PBXFileReference; fileEncoding = 4; lastKnownFileType = sourcecode.cpp.cpp; path = render.cpp; sourceTree = "<group>"; };
		5A11170F2A1107180069A591 /* render_gl.cpp */ = {isa = PBXFileReference; fileEncoding = 4; lastKnownFileType = sourcecode.cpp.cpp; path = render_gl.cpp; sourceTree = "<group>"; };
		5A1117102A1107180069A591 /* log.cpp */ = {isa = PBXFileReference; fileEncoding = 4; lastKnownFileType = sourcecode.cpp.cpp; path = log.cpp; sourceTree = "<group>"; };
		5A1117112A1107180069A591 /* profiler.cpp */ = {isa = PBXFileReference; fileEncoding = 4; lastKnownFileType = sourcecode.cpp.cpp; path = profiler.cpp; sourceTree = "<group>"; };
		5A1117122A1107180069A591 /* render_internal.h */ = {isa = PBXFileReference; fileEncoding = 4; lastKnownFileType = sourcecode.c.h; path = render_internal.h; sourceTree = "<group>"; };
		5A1117132A1107180069A591 /* script.cpp */ = {isa = PBXFileReference; fileEncoding = 4; lastKnownFileType = sourcecode.cpp.cpp; path = script.cpp; sourceTree = "<group>"; };
		5A1117202A1107180069A591 /* audio.cpp */ = {isa = PBXFileReference; fileEncoding = 4; lastKnownFileType = sourcecode.cpp.cpp; path = audio.cpp; sourceTree = "<group>"; };
		5A1117212A1107180069A591 /* device.cpp */ = {isa = PBXFileReference; fileEncoding = 4; lastKnownFileType = sourcecode.cpp.cpp; path = device.cpp; sourceTree = "<group>"; };
		5A1117222A1107180069A591 /* fileio.cpp */ = {isa = PBXFileReference; fileEncoding = 4; lastKnownFileType = sourcecode.cpp.cpp; path = fileio.cpp; sourceTree = "<group>"; };
		5A1117232A1107180069A591 /* data.cpp */ = {isa = PBXFileReference; fileEncoding = 4; lastKnownFileType = sourcecode.cpp.cpp; path = data.cpp; sourceTree = "<group>"; };
		5A1117242A1107180069A591 /* opengl.cpp */ = {isa = PBXFileReference; fileEncoding = 4; lastKnownFileType = sourcecode.cpp.cpp; path = opengl.cpp; sourceTree = "<group>"; };
		5A1117252A1107180069A591 /* inspector.cpp */ = {isa = PBXFileReference; fileEncoding = 4; lastKnownFileType = sourcecode.cpp.cpp; path = inspector.cpp; sourceTree = "<group>"; };
		5A1117262A1107180069A591 /* configuration.cpp */ = {isa = PBXFileReference; fileEncoding = 4; lastKnownFileType = sourcecode.cpp.cpp; path = configuration.cpp; sourceTree = "<group>"; };
		5A1117272A1107180069A591 /* tools.cpp */ = {isa = PBXFileReference; fileEncoding = 4; lastKnownFileType = sourcecode.cpp.cpp; path = tools.cpp; sourceTree = "<group>"; };
		5A11172C2A1107180069A591 /* main.cpp */ = {isa = PBXFileReference; fileEncoding = 4; lastKnownFileType = sourcecode.cpp.cpp; path = main.cpp; sourceTree = "<group>"; };
		5A1117482A110C8E0069A591 /* input.h */ = {isa = PBXFileReference; fileEncoding = 4; lastKnownFileType = sourcecode.c.h; path = input.h; sourceTree = "<group>"; };
		5A1117492A110C8E0069A591 /* account_switch.h */ = {isa = PBXFileReference; fileEncoding = 4; lastKnownFileType = sourcecode.c.h; path = account_switch.h; sourceTree = "<group>"; };
		5A11174A2A110C8E0069A591 /* version.h */ = {isa = PBXFileReference; fileEncoding = 4; lastKnownFileType = sourcecode.c.h; path = version.h; sourceTree = "<group>"; };
		5A11174B2A110C8E0069A591 /* script.h */ = {isa = PBXFileReference; fileEncoding = 4; lastKnownFileType = sourcecode.c.h; path = script.h; sourceTree = "<group>"; };
		5A11174C2A110C8E0069A591 /* device.h */ = {isa = PBXFileReference; fileEncoding = 4; lastKnownFileType = sourcecode.c.h; path = device.h; sourceTree = "<group>"; };
		5A11174D2A110C8E0069A591 /* opengl.h */ = {isa = PBXFileReference; fileEncoding = 4; lastKnownFileType = sourcecode.c.h; path = opengl.h; sourceTree = "<group>"; };
		5A11174E2A110C8E0069A591 /* account.h */ = {isa = PBXFileReference; fileEncoding = 4; lastKnownFileType = sourcecode.c.h; path = account.h; sourceTree = "<group>"; };
		5A11174F2A110C8E0069A591 /* data.h */ = {isa = PBXFileReference; fileEncoding = 4; lastKnownFileType = sourcecode.c.h; path = data.h; sourceTree = "<group>"; };
		5A1117502A110C8E0069A591 /* configuration.h */ = {isa = PBXFileReference; fileEncoding = 4; lastKnownFileType = sourcecode.c.h; path = configuration.h; sourceTree = "<group>"; };
		5A1117512A110C8E0069A591 /* audio.h */ = {isa = PBXFileReference; fileEncoding = 4; lastKnownFileType = sourcecode.c.h; path = audio.h; sourceTree = "<group>"; };
		5A1117522A110C8E0069A591 /* defines.h */ = {isa = PBXFileReference; fileEncoding = 4; lastKnownFileType = sourcecode.c.h; path = defines.h; sourceTree = "<group>"; };
		5A1117532A110C8E0069A591 /* log.h */ = {isa = PBXFileReference; fileEncoding = 4; lastKnownFileType = sourcecode.c.h; path = log.h; sourceTree = "<group>"; };
		5A1117542A110C8E0069A591 /* tools.h */ = {isa = PBXFileReference; fileEncoding = 4; lastKnownFileType = sourcecode.c.h; path = tools.h; sourceTree = "<group>"; };
		5A1117552A110C8E0069A591 /* fileio.h */ = {isa = PBXFileReference; fileEncoding = 4; lastKnownFileType = sourcecode.c.h; path = fileio.h; sourceTree = "<group>"; };
		5A1117562A110C8E0069A591 /* inspector.h */ = {isa = PBXFileReference; fileEncoding = 4; lastKnownFileType = sourcecode.c.h; path = inspector.h; sourceTree = "<group>"; };
		5A1117572A110C8E0069A591 /* device_pc.h */ = {isa = PBXFileReference; fileEncoding = 4; lastKnownFileType = sourcecode.c.h; path = device_pc.h; sourceTree = "<group>"; };
		5A1117582A110C8E0069A591 /* profiler.h */ = {isa = PBXFileReference; fileEncoding = 4; lastKnownFileType = sourcecode.c.h; path = profiler.h; sourceTree = "<group>"; };
		5A1117592A110C8E0069A591 /* render.h */ = {isa = PBXFileReference; fileEncoding = 4; lastKnownFileType = sourcecode.c.h; path = render.h; sourceTree = "<group>"; };
		5A11175E2A112A870069A591 /* imgui.h */ = {isa = PBXFileReference; fileEncoding = 4; lastKnownFileType = sourcecode.c.h; path = imgui.h; sourceTree = "<group>"; };
		5A11175F2A112A870069A591 /* imstb_textedit.h */ = {isa = PBXFileReference; fileEncoding = 4; lastKnownFileType = sourcecode.c.h; path = imstb_textedit.h; sourceTree = "<group>"; };
		5A1117602A112A870069A591 /* imconfig.h */ = {isa = PBXFileReference; fileEncoding = 4; lastKnownFileType = sourcecode.c.h; path = imconfig.h; sourceTree = "<group>"; };
		5A1117612A112A870069A591 /* imgui_widgets.cpp */ = {isa = PBXFileReference; fileEncoding = 4; lastKnownFileType = sourcecode.cpp.cpp; path = imgui_widgets.cpp; sourceTree = "<group>"; };
		5A1117632A112A870069A591 /* imstb_truetype.h */ = {isa = PBXFileReference; fileEncoding = 4; lastKnownFileType = sourcecode.c.h; path = imstb_truetype.h; sourceTree = "<group>"; };
		5A1117642A112A870069A591 /* IconsFontAwesome5.h */ = {isa = PBXFileReference; fileEncoding = 4; lastKnownFileType = sourcecode.c.h; path = IconsFontAwesome5.h; sourceTree = "<group>"; };
		5A1117652A112A870069A591 /* implot.cpp */ = {isa = PBXFileReference; fileEncoding = 4; lastKnownFileType = sourcecode.cpp.cpp; path = implot.cpp; sourceTree = "<group>"; };
		5A1117662A112A870069A591 /* imgui_impl.cpp */ = {isa = PBXFileReference; fileEncoding = 4; lastKnownFileType = sourcecode.cpp.cpp; path = imgui_impl.cpp; sourceTree = "<group>"; };
		5A1117682A112A870069A591 /* imgui_impl_opengl3.h */ = {isa = PBXFileReference; fileEncoding = 4; lastKnownFileType = sourcecode.c.h; path = imgui_impl_opengl3.h; sourceTree = "<group>"; };
		5A11176B2A112A870069A591 /* Roboto-Medium.ttf */ = {isa = PBXFileReference; lastKnownFileType = file; path = "Roboto-Medium.ttf"; sourceTree = "<group>"; };
		5A11176C2A112A870069A591 /* DroidSans.ttf */ = {isa = PBXFileReference; lastKnownFileType = file; path = DroidSans.ttf; sourceTree = "<group>"; };
		5A11176D2A112A870069A591 /* ProggyTiny.ttf */ = {isa = PBXFileReference; lastKnownFileType = file; path = ProggyTiny.ttf; sourceTree = "<group>"; };
		5A11176E2A112A870069A591 /* ProggyClean.ttf */ = {isa = PBXFileReference; lastKnownFileType = file; path = ProggyClean.ttf; sourceTree = "<group>"; };
		5A11176F2A112A870069A591 /* README.txt */ = {isa = PBXFileReference; fileEncoding = 4; lastKnownFileType = text; path = README.txt; sourceTree = "<group>"; };
		5A1117702A112A870069A591 /* Cousine-Regular.ttf */ = {isa = PBXFileReference; lastKnownFileType = file; path = "Cousine-Regular.ttf"; sourceTree = "<group>"; };
		5A1117712A112A870069A591 /* Karla-Regular.ttf */ = {isa = PBXFileReference; lastKnownFileType = file; path = "Karla-Regular.ttf"; sourceTree = "<group>"; };
		5A1117732A112A870069A591 /* imgui_impl.h */ = {isa = PBXFileReference; fileEncoding = 4; lastKnownFileType = sourcecode.c.h; path = imgui_impl.h; sourceTree = "<group>"; };
		5A1117742A112A870069A591 /* implot_items.cpp */ = {isa = PBXFileReference; fileEncoding = 4; lastKnownFileType = sourcecode.cpp.cpp; path = implot_items.cpp; sourceTree = "<group>"; };
		5A1117762A112A870069A591 /* imgui.gdb */ = {isa = PBXFileReference; fileEncoding = 4; lastKnownFileType = text; path = imgui.gdb; sourceTree = "<group>"; };
		5A1117772A112A870069A591 /* imgui.natstepfilter */ = {isa = PBXFileReference; fileEncoding = 4; lastKnownFileType = text.xml; path = imgui.natstepfilter; sourceTree = "<group>"; };
		5A1117782A112A870069A591 /* README.txt */ = {isa = PBXFileReference; fileEncoding = 4; lastKnownFileType = text; path = README.txt; sourceTree = "<group>"; };
		5A1117792A112A870069A591 /* imgui.natvis */ = {isa = PBXFileReference; fileEncoding = 4; lastKnownFileType = text.xml; path = imgui.natvis; sourceTree = "<group>"; };
		5A11177A2A112A870069A591 /* imgui_impl_opengl3_loader.h */ = {isa = PBXFileReference; fileEncoding = 4; lastKnownFileType = sourcecode.c.h; path = imgui_impl_opengl3_loader.h; sourceTree = "<group>"; };
		5A11177B2A112A870069A591 /* imgui.cpp */ = {isa = PBXFileReference; fileEncoding = 4; lastKnownFileType = sourcecode.cpp.cpp; path = imgui.cpp; sourceTree = "<group>"; };
		5A11177E2A112A870069A591 /* imgui_stdlib.h */ = {isa = PBXFileReference; fileEncoding = 4; lastKnownFileType = sourcecode.c.h; path = imgui_stdlib.h; sourceTree = "<group>"; };
		5A11177F2A112A870069A591 /* README.txt */ = {isa = PBXFileReference; fileEncoding = 4; lastKnownFileType = text; path = README.txt; sourceTree = "<group>"; };
		5A1117802A112A870069A591 /* imgui_stdlib.cpp */ = {isa = PBXFileReference; fileEncoding = 4; lastKnownFileType = sourcecode.cpp.cpp; path = imgui_stdlib.cpp; sourceTree = "<group>"; };
		5A1117812A112A870069A591 /* imgui_internal.h */ = {isa = PBXFileReference; fileEncoding = 4; lastKnownFileType = sourcecode.c.h; path = imgui_internal.h; sourceTree = "<group>"; };
		5A1117822A112A870069A591 /* IconsFontAwesome.h */ = {isa = PBXFileReference; fileEncoding = 4; lastKnownFileType = sourcecode.c.h; path = IconsFontAwesome.h; sourceTree = "<group>"; };
		5A1117832A112A870069A591 /* imgui_impl_glfw.h */ = {isa = PBXFileReference; fileEncoding = 4; lastKnownFileType = sourcecode.c.h; path = imgui_impl_glfw.h; sourceTree = "<group>"; };
		5A1117842A112A870069A591 /* imgui_impl_opengl3.cpp */ = {isa = PBXFileReference; fileEncoding = 4; lastKnownFileType = sourcecode.cpp.cpp; path = imgui_impl_opengl3.cpp; sourceTree = "<group>"; };
		5A1117852A112A870069A591 /* imstb_rectpack.h */ = {isa = PBXFileReference; fileEncoding = 4; lastKnownFileType = sourcecode.c.h; path = imstb_rectpack.h; sourceTree = "<group>"; };
		5A1117862A112A870069A591 /* imgui_tables.cpp */ = {isa = PBXFileReference; fileEncoding = 4; lastKnownFileType = sourcecode.cpp.cpp; path = imgui_tables.cpp; sourceTree = "<group>"; };
		5A1117872A112A870069A591 /* implot_demo.cpp */ = {isa = PBXFileReference; fileEncoding = 4; lastKnownFileType = sourcecode.cpp.cpp; path = implot_demo.cpp; sourceTree = "<group>"; };
		5A1117882A112A870069A591 /* implot_internal.h */ = {isa = PBXFileReference; fileEncoding = 4; lastKnownFileType = sourcecode.c.h; path = implot_internal.h; sourceTree = "<group>"; };
		5A1117892A112A870069A591 /* imgui_impl_glfw.cpp */ = {isa = PBXFileReference; fileEncoding = 4; lastKnownFileType = sourcecode.cpp.cpp; path = imgui_impl_glfw.cpp; sourceTree = "<group>"; };
		5A11178A2A112A870069A591 /* imgui_demo.cpp */ = {isa = PBXFileReference; fileEncoding = 4; lastKnownFileType = sourcecode.cpp.cpp; path = imgui_demo.cpp; sourceTree = "<group>"; };
		5A11178B2A112A870069A591 /* implot.h */ = {isa = PBXFileReference; fileEncoding = 4; lastKnownFileType = sourcecode.c.h; path = implot.h; sourceTree = "<group>"; };
		5A11178C2A112A870069A591 /* imgui_draw.cpp */ = {isa = PBXFileReference; fileEncoding = 4; lastKnownFileType = sourcecode.cpp.cpp; path = imgui_draw.cpp; sourceTree = "<group>"; };
		5A1117BB2A112D780069A591 /* wren.h */ = {isa = PBXFileReference; fileEncoding = 4; lastKnownFileType = sourcecode.c.h; path = wren.h; sourceTree = "<group>"; };
		5A1117BC2A112D780069A591 /* wren.hpp */ = {isa = PBXFileReference; fileEncoding = 4; lastKnownFileType = sourcecode.cpp.h; path = wren.hpp; sourceTree = "<group>"; };
		5A1117BE2A112D780069A591 /* wren_opt_random.c */ = {isa = PBXFileReference; fileEncoding = 4; lastKnownFileType = sourcecode.c.c; path = wren_opt_random.c; sourceTree = "<group>"; };
		5A1117BF2A112D780069A591 /* wren_opt_meta.h */ = {isa = PBXFileReference; fileEncoding = 4; lastKnownFileType = sourcecode.c.h; path = wren_opt_meta.h; sourceTree = "<group>"; };
		5A1117C02A112D780069A591 /* wren_opt_meta.wren */ = {isa = PBXFileReference; fileEncoding = 4; lastKnownFileType = text; path = wren_opt_meta.wren; sourceTree = "<group>"; };
		5A1117C12A112D780069A591 /* wren_opt_random.wren */ = {isa = PBXFileReference; fileEncoding = 4; lastKnownFileType = text; path = wren_opt_random.wren; sourceTree = "<group>"; };
		5A1117C22A112D780069A591 /* wren_opt_random.h */ = {isa = PBXFileReference; fileEncoding = 4; lastKnownFileType = sourcecode.c.h; path = wren_opt_random.h; sourceTree = "<group>"; };
		5A1117C32A112D780069A591 /* wren_opt_meta.wren.inc */ = {isa = PBXFileReference; fileEncoding = 4; lastKnownFileType = sourcecode.pascal; path = wren_opt_meta.wren.inc; sourceTree = "<group>"; };
		5A1117C42A112D780069A591 /* wren_opt_meta.c */ = {isa = PBXFileReference; fileEncoding = 4; lastKnownFileType = sourcecode.c.c; path = wren_opt_meta.c; sourceTree = "<group>"; };
		5A1117C52A112D780069A591 /* wren_opt_random.wren.inc */ = {isa = PBXFileReference; fileEncoding = 4; lastKnownFileType = sourcecode.pascal; path = wren_opt_random.wren.inc; sourceTree = "<group>"; };
		5A1117C72A112D780069A591 /* wren_value.h */ = {isa = PBXFileReference; fileEncoding = 4; lastKnownFileType = sourcecode.c.h; path = wren_value.h; sourceTree = "<group>"; };
		5A1117C82A112D780069A591 /* wren_opcodes.h */ = {isa = PBXFileReference; fileEncoding = 4; lastKnownFileType = sourcecode.c.h; path = wren_opcodes.h; sourceTree = "<group>"; };
		5A1117C92A112D780069A591 /* wren_core.wren */ = {isa = PBXFileReference; fileEncoding = 4; lastKnownFileType = text; path = wren_core.wren; sourceTree = "<group>"; };
		5A1117CA2A112D780069A591 /* wren_compiler.h */ = {isa = PBXFileReference; fileEncoding = 4; lastKnownFileType = sourcecode.c.h; path = wren_compiler.h; sourceTree = "<group>"; };
		5A1117CB2A112D780069A591 /* wren_core.wren.inc */ = {isa = PBXFileReference; fileEncoding = 4; lastKnownFileType = sourcecode.pascal; path = wren_core.wren.inc; sourceTree = "<group>"; };
		5A1117CC2A112D780069A591 /* wren_primitive.h */ = {isa = PBXFileReference; fileEncoding = 4; lastKnownFileType = sourcecode.c.h; path = wren_primitive.h; sourceTree = "<group>"; };
		5A1117CD2A112D780069A591 /* wren_core.h */ = {isa = PBXFileReference; fileEncoding = 4; lastKnownFileType = sourcecode.c.h; path = wren_core.h; sourceTree = "<group>"; };
		5A1117CE2A112D780069A591 /* wren_debug.h */ = {isa = PBXFileReference; fileEncoding = 4; lastKnownFileType = sourcecode.c.h; path = wren_debug.h; sourceTree = "<group>"; };
		5A1117CF2A112D780069A591 /* wren_utils.h */ = {isa = PBXFileReference; fileEncoding = 4; lastKnownFileType = sourcecode.c.h; path = wren_utils.h; sourceTree = "<group>"; };
		5A1117D02A112D780069A591 /* wren_vm.c */ = {isa = PBXFileReference; fileEncoding = 4; lastKnownFileType = sourcecode.c.c; path = wren_vm.c; sourceTree = "<group>"; };
		5A1117D12A112D780069A591 /* wren_value.c */ = {isa = PBXFileReference; fileEncoding = 4; lastKnownFileType = sourcecode.c.c; path = wren_value.c; sourceTree = "<group>"; };
		5A1117D22A112D780069A591 /* wren_compiler.c */ = {isa = PBXFileReference; fileEncoding = 4; lastKnownFileType = sourcecode.c.c; path = wren_compiler.c; sourceTree = "<group>"; };
		5A1117D32A112D780069A591 /* wren_math.h */ = {isa = PBXFileReference; fileEncoding = 4; lastKnownFileType = sourcecode.c.h; path = wren_math.h; sourceTree = "<group>"; };
		5A1117D42A112D780069A591 /* wren_common.h */ = {isa = PBXFileReference; fileEncoding = 4; lastKnownFileType = sourcecode.c.h; path = wren_common.h; sourceTree = "<group>"; };
		5A1117D52A112D780069A591 /* wren_primitive.c */ = {isa = PBXFileReference; fileEncoding = 4; lastKnownFileType = sourcecode.c.c; path = wren_primitive.c; sourceTree = "<group>"; };
		5A1117D62A112D780069A591 /* wren_vm.h */ = {isa = PBXFileReference; fileEncoding = 4; lastKnownFileType = sourcecode.c.h; path = wren_vm.h; sourceTree = "<group>"; };
		5A1117D72A112D780069A591 /* wren_utils.c */ = {isa = PBXFileReference; fileEncoding = 4; lastKnownFileType = sourcecode.c.c; path = wren_utils.c; sourceTree = "<group>"; };
		5A1117D82A112D780069A591 /* wren_core.c */ = {isa = PBXFileReference; fileEncoding = 4; lastKnownFileType = sourcecode.c.c; path = wren_core.c; sourceTree = "<group>"; };
		5A1117D92A112D780069A591 /* wren_debug.c */ = {isa = PBXFileReference; fileEncoding = 4; lastKnownFileType = sourcecode.c.c; path = wren_debug.c; sourceTree = "<group>"; };
		5A5918A32A10EEBC0029C1BB /* xs */ = {isa = PBXFileReference; explicitFileType = "compiled.mach-o.executable"; includeInIndex = 0; path = xs; sourceTree = BUILT_PRODUCTS_DIR; };
		5A5918AC2A10F0520029C1BB /* OpenGL.framework */ = {isa = PBXFileReference; lastKnownFileType = wrapper.framework; name = OpenGL.framework; path = System/Library/Frameworks/OpenGL.framework; sourceTree = SDKROOT; };
/* End PBXFileReference section */

/* Begin PBXFrameworksBuildPhase section */
		5A5918A02A10EEBC0029C1BB /* Frameworks */ = {
			isa = PBXFrameworksBuildPhase;
			buildActionMask = 2147483647;
			files = (
				5A1117022A1105520069A591 /* IOKit.framework in Frameworks */,
				5A1117002A11053E0069A591 /* Cocoa.framework in Frameworks */,
				5A1116FE2A1104D70069A591 /* libglfw3.a in Frameworks */,
				5A5918AD2A10F0520029C1BB /* OpenGL.framework in Frameworks */,
			);
			runOnlyForDeploymentPostprocessing = 0;
		};
/* End PBXFrameworksBuildPhase section */

/* Begin PBXGroup section */
		5A1117092A1107180069A591 /* source */ = {
			isa = PBXGroup;
			children = (
				5A11170A2A1107180069A591 /* pc */,
				5A11170E2A1107180069A591 /* render.cpp */,
				5A11170F2A1107180069A591 /* render_gl.cpp */,
				5A1117102A1107180069A591 /* log.cpp */,
				5A1117112A1107180069A591 /* profiler.cpp */,
				5A1117122A1107180069A591 /* render_internal.h */,
				5A1117132A1107180069A591 /* script.cpp */,
				5A1117202A1107180069A591 /* audio.cpp */,
				5A1117212A1107180069A591 /* device.cpp */,
				5A1117222A1107180069A591 /* fileio.cpp */,
				5A1117232A1107180069A591 /* data.cpp */,
				5A1117242A1107180069A591 /* opengl.cpp */,
				5A1117252A1107180069A591 /* inspector.cpp */,
				5A1117262A1107180069A591 /* configuration.cpp */,
				5A1117272A1107180069A591 /* tools.cpp */,
				5A11172C2A1107180069A591 /* main.cpp */,
			);
			name = source;
			path = code/source;
			sourceTree = SOURCE_ROOT;
		};
		5A11170A2A1107180069A591 /* pc */ = {
			isa = PBXGroup;
			children = (
				5A11170B2A1107180069A591 /* device_pc.cpp */,
				5A11170C2A1107180069A591 /* input_pc.cpp */,
				5A11170D2A1107180069A591 /* account_pc.cpp */,
			);
			path = pc;
			sourceTree = "<group>";
		};
		5A1117472A110C8E0069A591 /* include */ = {
			isa = PBXGroup;
			children = (
				5A1117482A110C8E0069A591 /* input.h */,
				5A1117492A110C8E0069A591 /* account_switch.h */,
				5A11174A2A110C8E0069A591 /* version.h */,
				5A11174B2A110C8E0069A591 /* script.h */,
				5A11174C2A110C8E0069A591 /* device.h */,
				5A11174D2A110C8E0069A591 /* opengl.h */,
				5A11174E2A110C8E0069A591 /* account.h */,
				5A11174F2A110C8E0069A591 /* data.h */,
				5A1117502A110C8E0069A591 /* configuration.h */,
				5A1117512A110C8E0069A591 /* audio.h */,
				5A1117522A110C8E0069A591 /* defines.h */,
				5A1117532A110C8E0069A591 /* log.h */,
				5A1117542A110C8E0069A591 /* tools.h */,
				5A1117552A110C8E0069A591 /* fileio.h */,
				5A1117562A110C8E0069A591 /* inspector.h */,
				5A1117572A110C8E0069A591 /* device_pc.h */,
				5A1117582A110C8E0069A591 /* profiler.h */,
				5A1117592A110C8E0069A591 /* render.h */,
			);
			name = include;
			path = code/include;
			sourceTree = SOURCE_ROOT;
		};
		5A11175B2A112A350069A591 /* external */ = {
			isa = PBXGroup;
			children = (
				5A1117B92A112D780069A591 /* wren */,
				5A11175D2A112A870069A591 /* imgui */,
			);
			name = external;
			sourceTree = "<group>";
		};
		5A11175D2A112A870069A591 /* imgui */ = {
			isa = PBXGroup;
			children = (
				5A11175E2A112A870069A591 /* imgui.h */,
				5A11175F2A112A870069A591 /* imstb_textedit.h */,
				5A1117602A112A870069A591 /* imconfig.h */,
				5A1117612A112A870069A591 /* imgui_widgets.cpp */,
				5A1117632A112A870069A591 /* imstb_truetype.h */,
				5A1117642A112A870069A591 /* IconsFontAwesome5.h */,
				5A1117652A112A870069A591 /* implot.cpp */,
				5A1117662A112A870069A591 /* imgui_impl.cpp */,
				5A1117682A112A870069A591 /* imgui_impl_opengl3.h */,
				5A11176A2A112A870069A591 /* extra_fonts */,
				5A1117732A112A870069A591 /* imgui_impl.h */,
				5A1117742A112A870069A591 /* implot_items.cpp */,
				5A1117752A112A870069A591 /* debuggers */,
				5A11177A2A112A870069A591 /* imgui_impl_opengl3_loader.h */,
				5A11177B2A112A870069A591 /* imgui.cpp */,
				5A11177D2A112A870069A591 /* cpp */,
				5A1117812A112A870069A591 /* imgui_internal.h */,
				5A1117822A112A870069A591 /* IconsFontAwesome.h */,
				5A1117832A112A870069A591 /* imgui_impl_glfw.h */,
				5A1117842A112A870069A591 /* imgui_impl_opengl3.cpp */,
				5A1117852A112A870069A591 /* imstb_rectpack.h */,
				5A1117862A112A870069A591 /* imgui_tables.cpp */,
				5A1117872A112A870069A591 /* implot_demo.cpp */,
				5A1117882A112A870069A591 /* implot_internal.h */,
				5A1117892A112A870069A591 /* imgui_impl_glfw.cpp */,
				5A11178A2A112A870069A591 /* imgui_demo.cpp */,
				5A11178B2A112A870069A591 /* implot.h */,
				5A11178C2A112A870069A591 /* imgui_draw.cpp */,
			);
			name = imgui;
			path = external/imgui;
			sourceTree = "<group>";
		};
		5A11176A2A112A870069A591 /* extra_fonts */ = {
			isa = PBXGroup;
			children = (
				5A11176B2A112A870069A591 /* Roboto-Medium.ttf */,
				5A11176C2A112A870069A591 /* DroidSans.ttf */,
				5A11176D2A112A870069A591 /* ProggyTiny.ttf */,
				5A11176E2A112A870069A591 /* ProggyClean.ttf */,
				5A11176F2A112A870069A591 /* README.txt */,
				5A1117702A112A870069A591 /* Cousine-Regular.ttf */,
				5A1117712A112A870069A591 /* Karla-Regular.ttf */,
			);
			path = extra_fonts;
			sourceTree = "<group>";
		};
		5A1117752A112A870069A591 /* debuggers */ = {
			isa = PBXGroup;
			children = (
				5A1117762A112A870069A591 /* imgui.gdb */,
				5A1117772A112A870069A591 /* imgui.natstepfilter */,
				5A1117782A112A870069A591 /* README.txt */,
				5A1117792A112A870069A591 /* imgui.natvis */,
			);
			path = debuggers;
			sourceTree = "<group>";
		};
		5A11177D2A112A870069A591 /* cpp */ = {
			isa = PBXGroup;
			children = (
				5A11177E2A112A870069A591 /* imgui_stdlib.h */,
				5A11177F2A112A870069A591 /* README.txt */,
				5A1117802A112A870069A591 /* imgui_stdlib.cpp */,
			);
			path = cpp;
			sourceTree = "<group>";
		};
		5A1117B92A112D780069A591 /* wren */ = {
			isa = PBXGroup;
			children = (
				5A1117BA2A112D780069A591 /* include */,
				5A1117BD2A112D780069A591 /* optional */,
				5A1117C62A112D780069A591 /* vm */,
			);
			name = wren;
			path = external/wren;
			sourceTree = "<group>";
		};
		5A1117BA2A112D780069A591 /* include */ = {
			isa = PBXGroup;
			children = (
				5A1117BB2A112D780069A591 /* wren.h */,
				5A1117BC2A112D780069A591 /* wren.hpp */,
			);
			path = include;
			sourceTree = "<group>";
		};
		5A1117BD2A112D780069A591 /* optional */ = {
			isa = PBXGroup;
			children = (
				5A1117BE2A112D780069A591 /* wren_opt_random.c */,
				5A1117BF2A112D780069A591 /* wren_opt_meta.h */,
				5A1117C02A112D780069A591 /* wren_opt_meta.wren */,
				5A1117C12A112D780069A591 /* wren_opt_random.wren */,
				5A1117C22A112D780069A591 /* wren_opt_random.h */,
				5A1117C32A112D780069A591 /* wren_opt_meta.wren.inc */,
				5A1117C42A112D780069A591 /* wren_opt_meta.c */,
				5A1117C52A112D780069A591 /* wren_opt_random.wren.inc */,
			);
			path = optional;
			sourceTree = "<group>";
		};
		5A1117C62A112D780069A591 /* vm */ = {
			isa = PBXGroup;
			children = (
				5A1117C72A112D780069A591 /* wren_value.h */,
				5A1117C82A112D780069A591 /* wren_opcodes.h */,
				5A1117C92A112D780069A591 /* wren_core.wren */,
				5A1117CA2A112D780069A591 /* wren_compiler.h */,
				5A1117CB2A112D780069A591 /* wren_core.wren.inc */,
				5A1117CC2A112D780069A591 /* wren_primitive.h */,
				5A1117CD2A112D780069A591 /* wren_core.h */,
				5A1117CE2A112D780069A591 /* wren_debug.h */,
				5A1117CF2A112D780069A591 /* wren_utils.h */,
				5A1117D02A112D780069A591 /* wren_vm.c */,
				5A1117D12A112D780069A591 /* wren_value.c */,
				5A1117D22A112D780069A591 /* wren_compiler.c */,
				5A1117D32A112D780069A591 /* wren_math.h */,
				5A1117D42A112D780069A591 /* wren_common.h */,
				5A1117D52A112D780069A591 /* wren_primitive.c */,
				5A1117D62A112D780069A591 /* wren_vm.h */,
				5A1117D72A112D780069A591 /* wren_utils.c */,
				5A1117D82A112D780069A591 /* wren_core.c */,
				5A1117D92A112D780069A591 /* wren_debug.c */,
			);
			path = vm;
			sourceTree = "<group>";
		};
		5A5918A42A10EEBC0029C1BB /* Products */ = {
			isa = PBXGroup;
			children = (
				5A5918A32A10EEBC0029C1BB /* xs */,
			);
			name = Products;
			sourceTree = "<group>";
		};
		5A5918A52A10EEBC0029C1BB /* xs */ = {
			isa = PBXGroup;
			children = (
				5A1117472A110C8E0069A591 /* include */,
				5A1117092A1107180069A591 /* source */,
			);
			path = xs;
			sourceTree = "<group>";
		};
		5A5918AB2A10F0520029C1BB /* Frameworks */ = {
			isa = PBXGroup;
			children = (
				5A1117012A1105520069A591 /* IOKit.framework */,
				5A1116FF2A11053E0069A591 /* Cocoa.framework */,
				5A1116FD2A1104D70069A591 /* libglfw3.a */,
				5A5918AC2A10F0520029C1BB /* OpenGL.framework */,
			);
			name = Frameworks;
			sourceTree = "<group>";
		};
		5A608CA32A10ECD5008F3085 = {
			isa = PBXGroup;
			children = (
				5A11175B2A112A350069A591 /* external */,
				5A5918A52A10EEBC0029C1BB /* xs */,
				5A5918A42A10EEBC0029C1BB /* Products */,
				5A5918AB2A10F0520029C1BB /* Frameworks */,
			);
			sourceTree = "<group>";
		};
/* End PBXGroup section */

/* Begin PBXNativeTarget section */
		5A5918A22A10EEBC0029C1BB /* xs */ = {
			isa = PBXNativeTarget;
			buildConfigurationList = 5A5918A82A10EEBC0029C1BB /* Build configuration list for PBXNativeTarget "xs" */;
			buildPhases = (
				5A59189F2A10EEBC0029C1BB /* Sources */,
				5A5918A02A10EEBC0029C1BB /* Frameworks */,
				5A5918A12A10EEBC0029C1BB /* CopyFiles */,
			);
			buildRules = (
			);
			dependencies = (
			);
			name = xs;
			productName = xs;
			productReference = 5A5918A32A10EEBC0029C1BB /* xs */;
			productType = "com.apple.product-type.tool";
		};
/* End PBXNativeTarget section */

/* Begin PBXProject section */
		5A608CA42A10ECD5008F3085 /* Project object */ = {
			isa = PBXProject;
			attributes = {
				BuildIndependentTargetsInParallel = 1;
				LastUpgradeCheck = 1430;
				TargetAttributes = {
					5A5918A22A10EEBC0029C1BB = {
						CreatedOnToolsVersion = 14.3;
					};
				};
			};
			buildConfigurationList = 5A608CA72A10ECD5008F3085 /* Build configuration list for PBXProject "xs" */;
			compatibilityVersion = "Xcode 14.0";
			developmentRegion = en;
			hasScannedForEncodings = 0;
			knownRegions = (
				en,
				Base,
			);
			mainGroup = 5A608CA32A10ECD5008F3085;
			productRefGroup = 5A5918A42A10EEBC0029C1BB /* Products */;
			projectDirPath = "";
			projectRoot = "";
			targets = (
				5A5918A22A10EEBC0029C1BB /* xs */,
			);
		};
/* End PBXProject section */

/* Begin PBXSourcesBuildPhase section */
		5A59189F2A10EEBC0029C1BB /* Sources */ = {
			isa = PBXSourcesBuildPhase;
			buildActionMask = 2147483647;
			files = (
				5A11178E2A112A870069A591 /* implot.cpp in Sources */,
				5A11173F2A1107180069A591 /* opengl.cpp in Sources */,
				5A1117972A112A870069A591 /* imgui_tables.cpp in Sources */,
				5A1117342A1107180069A591 /* script.cpp in Sources */,
				5A1117E42A112D780069A591 /* wren_core.c in Sources */,
				5A11178D2A112A870069A591 /* imgui_widgets.cpp in Sources */,
				5A1117E22A112D780069A591 /* wren_primitive.c in Sources */,
				5A1117462A1107180069A591 /* main.cpp in Sources */,
				5A1117E32A112D780069A591 /* wren_utils.c in Sources */,
				5A1117DD2A112D780069A591 /* wren_opt_random.wren.inc in Sources */,
				5A1117E02A112D780069A591 /* wren_value.c in Sources */,
				5A11179B2A112A870069A591 /* imgui_draw.cpp in Sources */,
				5A1117332A1107180069A591 /* profiler.cpp in Sources */,
				5A11178F2A112A870069A591 /* imgui_impl.cpp in Sources */,
				5A11172D2A1107180069A591 /* device_pc.cpp in Sources */,
				5A11172E2A1107180069A591 /* input_pc.cpp in Sources */,
				5A1117952A112A870069A591 /* imgui_stdlib.cpp in Sources */,
				5A1117962A112A870069A591 /* imgui_impl_opengl3.cpp in Sources */,
				5A1117322A1107180069A591 /* log.cpp in Sources */,
				5A1117E52A112D780069A591 /* wren_debug.c in Sources */,
				5A1117DE2A112D780069A591 /* wren_core.wren.inc in Sources */,
				5A1117412A1107180069A591 /* configuration.cpp in Sources */,
				5A1117DA2A112D780069A591 /* wren_opt_random.c in Sources */,
				5A11172F2A1107180069A591 /* account_pc.cpp in Sources */,
				5A1117932A112A870069A591 /* imgui.cpp in Sources */,
				5A1117992A112A870069A591 /* imgui_impl_glfw.cpp in Sources */,
				5A11173C2A1107180069A591 /* device.cpp in Sources */,
				5A1117E12A112D780069A591 /* wren_compiler.c in Sources */,
				5A1117402A1107180069A591 /* inspector.cpp in Sources */,
				5A11173E2A1107180069A591 /* data.cpp in Sources */,
				5A11173B2A1107180069A591 /* audio.cpp in Sources */,
				5A1117312A1107180069A591 /* render_gl.cpp in Sources */,
				5A1117302A1107180069A591 /* render.cpp in Sources */,
				5A1117DB2A112D780069A591 /* wren_opt_meta.wren.inc in Sources */,
				5A1117DC2A112D780069A591 /* wren_opt_meta.c in Sources */,
				5A1117DF2A112D780069A591 /* wren_vm.c in Sources */,
				5A11173D2A1107180069A591 /* fileio.cpp in Sources */,
				5A1117982A112A870069A591 /* implot_demo.cpp in Sources */,
				5A1117422A1107180069A591 /* tools.cpp in Sources */,
				5A11179A2A112A870069A591 /* imgui_demo.cpp in Sources */,
				5A1117922A112A870069A591 /* implot_items.cpp in Sources */,
			);
			runOnlyForDeploymentPostprocessing = 0;
		};
/* End PBXSourcesBuildPhase section */

/* Begin XCBuildConfiguration section */
		5A5918A92A10EEBC0029C1BB /* Debug */ = {
			isa = XCBuildConfiguration;
			buildSettings = {
				ALLOW_TARGET_PLATFORM_SPECIALIZATION = YES;
				ALWAYS_SEARCH_USER_PATHS = YES;
				CLANG_ANALYZER_NONNULL = YES;
				CLANG_ANALYZER_NUMBER_OBJECT_CONVERSION = YES_AGGRESSIVE;
				CLANG_CXX_LANGUAGE_STANDARD = "c++17";
				CLANG_ENABLE_MODULES = YES;
				CLANG_ENABLE_OBJC_ARC = YES;
				CLANG_ENABLE_OBJC_WEAK = YES;
				CLANG_WARN_BLOCK_CAPTURE_AUTORELEASING = YES;
				CLANG_WARN_BOOL_CONVERSION = YES;
				CLANG_WARN_COMMA = YES;
				CLANG_WARN_CONSTANT_CONVERSION = YES;
				CLANG_WARN_DEPRECATED_OBJC_IMPLEMENTATIONS = YES;
				CLANG_WARN_DIRECT_OBJC_ISA_USAGE = YES_ERROR;
				CLANG_WARN_DOCUMENTATION_COMMENTS = YES;
				CLANG_WARN_EMPTY_BODY = YES;
				CLANG_WARN_ENUM_CONVERSION = YES;
				CLANG_WARN_INFINITE_RECURSION = YES;
				CLANG_WARN_INT_CONVERSION = YES;
				CLANG_WARN_NON_LITERAL_NULL_CONVERSION = YES;
				CLANG_WARN_OBJC_IMPLICIT_RETAIN_SELF = YES;
				CLANG_WARN_OBJC_LITERAL_CONVERSION = YES;
				CLANG_WARN_OBJC_ROOT_CLASS = YES_ERROR;
				CLANG_WARN_QUOTED_INCLUDE_IN_FRAMEWORK_HEADER = YES;
				CLANG_WARN_RANGE_LOOP_ANALYSIS = YES;
				CLANG_WARN_STRICT_PROTOTYPES = YES;
				CLANG_WARN_SUSPICIOUS_MOVE = YES;
				CLANG_WARN_UNGUARDED_AVAILABILITY = YES_AGGRESSIVE;
				CLANG_WARN_UNREACHABLE_CODE = YES;
				CLANG_WARN__DUPLICATE_METHOD_MATCH = YES;
				CODE_SIGN_STYLE = Automatic;
				COPY_PHASE_STRIP = NO;
				DEBUG_INFORMATION_FORMAT = dwarf;
				ENABLE_STRICT_OBJC_MSGSEND = YES;
				ENABLE_TESTABILITY = YES;
				GCC_C_LANGUAGE_STANDARD = gnu11;
				GCC_DYNAMIC_NO_PIC = NO;
				GCC_NO_COMMON_BLOCKS = YES;
				GCC_OPTIMIZATION_LEVEL = 0;
				GCC_PREPROCESSOR_DEFINITIONS = (
					"DEBUG=1",
					"$(inherited)",
				);
				GCC_WARN_64_TO_32_BIT_CONVERSION = YES;
				GCC_WARN_ABOUT_RETURN_TYPE = YES_ERROR;
				GCC_WARN_UNDECLARED_SELECTOR = YES;
				GCC_WARN_UNINITIALIZED_AUTOS = YES_AGGRESSIVE;
				GCC_WARN_UNUSED_FUNCTION = YES;
				GCC_WARN_UNUSED_VARIABLE = YES;
				HEADER_SEARCH_PATHS = (
					"$(PROJECT_DIR)/code/include",
					"$(PROJECT_DIR)/external",
					"$(PROJECT_DIR)/external/imgui",
					"$(PROJECT_DIR)/external/wren/include",
					"$(PROJECT_DIR)/external/wren/vm",
					"$(PROJECT_DIR)/external/spdlog",
				);
				LIBRARY_SEARCH_PATHS = (
					"$(inherited)",
					"$(PROJECT_DIR)/external/GLFW",
				);
				MACOSX_DEPLOYMENT_TARGET = 13.3;
				MTL_ENABLE_DEBUG_INFO = INCLUDE_SOURCE;
				MTL_FAST_MATH = YES;
				ONLY_ACTIVE_ARCH = YES;
				OTHER_CFLAGS = "";
				OTHER_CPLUSPLUSFLAGS = "$(OTHER_CFLAGS)";
				PRODUCT_NAME = "$(TARGET_NAME)";
				SDKROOT = macosx;
			};
			name = Debug;
		};
		5A5918AA2A10EEBC0029C1BB /* Release */ = {
			isa = XCBuildConfiguration;
			buildSettings = {
				ALLOW_TARGET_PLATFORM_SPECIALIZATION = YES;
				ALWAYS_SEARCH_USER_PATHS = YES;
				CLANG_ANALYZER_NONNULL = YES;
				CLANG_ANALYZER_NUMBER_OBJECT_CONVERSION = YES_AGGRESSIVE;
				CLANG_CXX_LANGUAGE_STANDARD = "c++17";
				CLANG_ENABLE_MODULES = YES;
				CLANG_ENABLE_OBJC_ARC = YES;
				CLANG_ENABLE_OBJC_WEAK = YES;
				CLANG_WARN_BLOCK_CAPTURE_AUTORELEASING = YES;
				CLANG_WARN_BOOL_CONVERSION = YES;
				CLANG_WARN_COMMA = YES;
				CLANG_WARN_CONSTANT_CONVERSION = YES;
				CLANG_WARN_DEPRECATED_OBJC_IMPLEMENTATIONS = YES;
				CLANG_WARN_DIRECT_OBJC_ISA_USAGE = YES_ERROR;
				CLANG_WARN_DOCUMENTATION_COMMENTS = YES;
				CLANG_WARN_EMPTY_BODY = YES;
				CLANG_WARN_ENUM_CONVERSION = YES;
				CLANG_WARN_INFINITE_RECURSION = YES;
				CLANG_WARN_INT_CONVERSION = YES;
				CLANG_WARN_NON_LITERAL_NULL_CONVERSION = YES;
				CLANG_WARN_OBJC_IMPLICIT_RETAIN_SELF = YES;
				CLANG_WARN_OBJC_LITERAL_CONVERSION = YES;
				CLANG_WARN_OBJC_ROOT_CLASS = YES_ERROR;
				CLANG_WARN_QUOTED_INCLUDE_IN_FRAMEWORK_HEADER = YES;
				CLANG_WARN_RANGE_LOOP_ANALYSIS = YES;
				CLANG_WARN_STRICT_PROTOTYPES = YES;
				CLANG_WARN_SUSPICIOUS_MOVE = YES;
				CLANG_WARN_UNGUARDED_AVAILABILITY = YES_AGGRESSIVE;
				CLANG_WARN_UNREACHABLE_CODE = YES;
				CLANG_WARN__DUPLICATE_METHOD_MATCH = YES;
				CODE_SIGN_STYLE = Automatic;
				COPY_PHASE_STRIP = NO;
				DEBUG_INFORMATION_FORMAT = "dwarf-with-dsym";
				ENABLE_NS_ASSERTIONS = NO;
				ENABLE_STRICT_OBJC_MSGSEND = YES;
				GCC_C_LANGUAGE_STANDARD = gnu11;
				GCC_NO_COMMON_BLOCKS = YES;
				GCC_WARN_64_TO_32_BIT_CONVERSION = YES;
				GCC_WARN_ABOUT_RETURN_TYPE = YES_ERROR;
				GCC_WARN_UNDECLARED_SELECTOR = YES;
				GCC_WARN_UNINITIALIZED_AUTOS = YES_AGGRESSIVE;
				GCC_WARN_UNUSED_FUNCTION = YES;
				GCC_WARN_UNUSED_VARIABLE = YES;
				HEADER_SEARCH_PATHS = (
					"$(PROJECT_DIR)/code/include",
					"$(PROJECT_DIR)/external",
					"$(PROJECT_DIR)/external/imgui",
					"$(PROJECT_DIR)/external/wren/include",
					"$(PROJECT_DIR)/external/wren/vm",
					"$(PROJECT_DIR)/external/spdlog",
				);
				LIBRARY_SEARCH_PATHS = (
					"$(inherited)",
					"$(PROJECT_DIR)/external/GLFW",
				);
				MACOSX_DEPLOYMENT_TARGET = 13.3;
				MTL_ENABLE_DEBUG_INFO = NO;
				MTL_FAST_MATH = YES;
				OTHER_CFLAGS = "";
				OTHER_CPLUSPLUSFLAGS = "$(OTHER_CFLAGS)";
				PRODUCT_NAME = "$(TARGET_NAME)";
				SDKROOT = macosx;
			};
			name = Release;
		};
		5A608CA82A10ECD5008F3085 /* Debug */ = {
			isa = XCBuildConfiguration;
			buildSettings = {
				MACOSX_DEPLOYMENT_TARGET = "$(RECOMMENDED_MACOSX_DEPLOYMENT_TARGET)";
			};
			name = Debug;
		};
		5A608CA92A10ECD5008F3085 /* Release */ = {
			isa = XCBuildConfiguration;
			buildSettings = {
				MACOSX_DEPLOYMENT_TARGET = "$(RECOMMENDED_MACOSX_DEPLOYMENT_TARGET)";
			};
			name = Release;
		};
/* End XCBuildConfiguration section */

/* Begin XCConfigurationList section */
		5A5918A82A10EEBC0029C1BB /* Build configuration list for PBXNativeTarget "xs" */ = {
			isa = XCConfigurationList;
			buildConfigurations = (
				5A5918A92A10EEBC0029C1BB /* Debug */,
				5A5918AA2A10EEBC0029C1BB /* Release */,
			);
			defaultConfigurationIsVisible = 0;
			defaultConfigurationName = Release;
		};
		5A608CA72A10ECD5008F3085 /* Build configuration list for PBXProject "xs" */ = {
			isa = XCConfigurationList;
			buildConfigurations = (
				5A608CA82A10ECD5008F3085 /* Debug */,
				5A608CA92A10ECD5008F3085 /* Release */,
			);
			defaultConfigurationIsVisible = 0;
			defaultConfigurationName = Release;
		};
/* End XCConfigurationList section */
	};
	rootObject = 5A608CA42A10ECD5008F3085 /* Project object */;
}
