// !$*UTF8*$!
{
	archiveVersion = 1;
	classes = {
	};
	objectVersion = 56;
	objects = {

/* Begin PBXBuildFile section */
		346E73A42A4A29D5006ECAD5 /* GameViewController.m in Sources */ = {isa = PBXBuildFile; fileRef = 346E735C2A4A29D5006ECAD5 /* GameViewController.m */; };
		346E73A52A4A29D5006ECAD5 /* GameViewController.m in Sources */ = {isa = PBXBuildFile; fileRef = 346E735C2A4A29D5006ECAD5 /* GameViewController.m */; };
		346E73A62A4A29D5006ECAD5 /* GameViewController.m in Sources */ = {isa = PBXBuildFile; fileRef = 346E735C2A4A29D5006ECAD5 /* GameViewController.m */; };
		346E73A72A4A29D5006ECAD5 /* Main.storyboard in Resources */ = {isa = PBXBuildFile; fileRef = 346E735D2A4A29D5006ECAD5 /* Main.storyboard */; };
		346E73A82A4A29D5006ECAD5 /* Main.storyboard in Resources */ = {isa = PBXBuildFile; fileRef = 346E735D2A4A29D5006ECAD5 /* Main.storyboard */; };
		346E73A92A4A29D5006ECAD5 /* Main.storyboard in Resources */ = {isa = PBXBuildFile; fileRef = 346E735D2A4A29D5006ECAD5 /* Main.storyboard */; };
		346E73AA2A4A29D5006ECAD5 /* main.m in Sources */ = {isa = PBXBuildFile; fileRef = 346E735F2A4A29D5006ECAD5 /* main.m */; };
		346E73AB2A4A29D5006ECAD5 /* main.m in Sources */ = {isa = PBXBuildFile; fileRef = 346E735F2A4A29D5006ECAD5 /* main.m */; };
		346E73AD2A4A29D5006ECAD5 /* AppDelegate.m in Sources */ = {isa = PBXBuildFile; fileRef = 346E73602A4A29D5006ECAD5 /* AppDelegate.m */; };
		346E73AE2A4A29D5006ECAD5 /* AppDelegate.m in Sources */ = {isa = PBXBuildFile; fileRef = 346E73602A4A29D5006ECAD5 /* AppDelegate.m */; };
		346E73AF2A4A29D5006ECAD5 /* AppDelegate.m in Sources */ = {isa = PBXBuildFile; fileRef = 346E73602A4A29D5006ECAD5 /* AppDelegate.m */; };
		346E73B02A4A29D5006ECAD5 /* Assets.xcassets in Resources */ = {isa = PBXBuildFile; fileRef = 346E73642A4A29D5006ECAD5 /* Assets.xcassets */; };
		346E73B12A4A29D5006ECAD5 /* Assets.xcassets in Resources */ = {isa = PBXBuildFile; fileRef = 346E73642A4A29D5006ECAD5 /* Assets.xcassets */; };
		346E73B32A4A29D5006ECAD5 /* Shaders.metal in Sources */ = {isa = PBXBuildFile; fileRef = 346E73652A4A29D5006ECAD5 /* Shaders.metal */; };
		346E73B42A4A29D5006ECAD5 /* Shaders.metal in Sources */ = {isa = PBXBuildFile; fileRef = 346E73652A4A29D5006ECAD5 /* Shaders.metal */; };
		346E73B52A4A29D5006ECAD5 /* Shaders.metal in Sources */ = {isa = PBXBuildFile; fileRef = 346E73652A4A29D5006ECAD5 /* Shaders.metal */; };
		346E73B62A4A29D5006ECAD5 /* Renderer.m in Sources */ = {isa = PBXBuildFile; fileRef = 346E73672A4A29D5006ECAD5 /* Renderer.m */; };
		346E73B72A4A29D5006ECAD5 /* Renderer.m in Sources */ = {isa = PBXBuildFile; fileRef = 346E73672A4A29D5006ECAD5 /* Renderer.m */; };
		346E73B92A4A29D5006ECAD5 /* GameViewController.m in Sources */ = {isa = PBXBuildFile; fileRef = 346E736A2A4A29D5006ECAD5 /* GameViewController.m */; };
		346E73BA2A4A29D5006ECAD5 /* GameViewController.m in Sources */ = {isa = PBXBuildFile; fileRef = 346E736A2A4A29D5006ECAD5 /* GameViewController.m */; };
		346E73BC2A4A29D5006ECAD5 /* LaunchScreen.storyboard in Resources */ = {isa = PBXBuildFile; fileRef = 346E736B2A4A29D5006ECAD5 /* LaunchScreen.storyboard */; };
		346E73BD2A4A29D5006ECAD5 /* LaunchScreen.storyboard in Resources */ = {isa = PBXBuildFile; fileRef = 346E736B2A4A29D5006ECAD5 /* LaunchScreen.storyboard */; };
		346E73BF2A4A29D5006ECAD5 /* Main.storyboard in Resources */ = {isa = PBXBuildFile; fileRef = 346E736D2A4A29D5006ECAD5 /* Main.storyboard */; };
		346E73C02A4A29D5006ECAD5 /* Main.storyboard in Resources */ = {isa = PBXBuildFile; fileRef = 346E736D2A4A29D5006ECAD5 /* Main.storyboard */; };
		346E73C22A4A29D5006ECAD5 /* main.m in Sources */ = {isa = PBXBuildFile; fileRef = 346E736F2A4A29D5006ECAD5 /* main.m */; };
		346E73C32A4A29D5006ECAD5 /* main.m in Sources */ = {isa = PBXBuildFile; fileRef = 346E736F2A4A29D5006ECAD5 /* main.m */; };
		346E73C52A4A29D5006ECAD5 /* AppDelegate.m in Sources */ = {isa = PBXBuildFile; fileRef = 346E73702A4A29D5006ECAD5 /* AppDelegate.m */; };
		346E73C62A4A29D5006ECAD5 /* AppDelegate.m in Sources */ = {isa = PBXBuildFile; fileRef = 346E73702A4A29D5006ECAD5 /* AppDelegate.m */; };
		346E73C82A4A29D5006ECAD5 /* GameViewController.m in Sources */ = {isa = PBXBuildFile; fileRef = 346E73742A4A29D5006ECAD5 /* GameViewController.m */; };
		346E73C92A4A29D5006ECAD5 /* GameViewController.m in Sources */ = {isa = PBXBuildFile; fileRef = 346E73742A4A29D5006ECAD5 /* GameViewController.m */; };
		346E73CB2A4A29D5006ECAD5 /* LaunchScreen.storyboard in Resources */ = {isa = PBXBuildFile; fileRef = 346E73752A4A29D5006ECAD5 /* LaunchScreen.storyboard */; };
		346E73CC2A4A29D5006ECAD5 /* LaunchScreen.storyboard in Resources */ = {isa = PBXBuildFile; fileRef = 346E73752A4A29D5006ECAD5 /* LaunchScreen.storyboard */; };
		346E73CE2A4A29D5006ECAD5 /* Main.storyboard in Resources */ = {isa = PBXBuildFile; fileRef = 346E73772A4A29D5006ECAD5 /* Main.storyboard */; };
		346E73CF2A4A29D5006ECAD5 /* Main.storyboard in Resources */ = {isa = PBXBuildFile; fileRef = 346E73772A4A29D5006ECAD5 /* Main.storyboard */; };
		346E73D12A4A29D5006ECAD5 /* main.m in Sources */ = {isa = PBXBuildFile; fileRef = 346E73792A4A29D5006ECAD5 /* main.m */; };
		346E73D22A4A29D5006ECAD5 /* main.m in Sources */ = {isa = PBXBuildFile; fileRef = 346E73792A4A29D5006ECAD5 /* main.m */; };
		346E73D42A4A29D5006ECAD5 /* AppDelegate.m in Sources */ = {isa = PBXBuildFile; fileRef = 346E737A2A4A29D5006ECAD5 /* AppDelegate.m */; };
		346E73D52A4A29D5006ECAD5 /* AppDelegate.m in Sources */ = {isa = PBXBuildFile; fileRef = 346E737A2A4A29D5006ECAD5 /* AppDelegate.m */; };
		346E73D72A4A29D5006ECAD5 /* render.cpp in Sources */ = {isa = PBXBuildFile; fileRef = 346E737C2A4A29D5006ECAD5 /* render.cpp */; };
		346E73D82A4A29D5006ECAD5 /* render.cpp in Sources */ = {isa = PBXBuildFile; fileRef = 346E737C2A4A29D5006ECAD5 /* render.cpp */; };
		346E73D92A4A29D5006ECAD5 /* render.cpp in Sources */ = {isa = PBXBuildFile; fileRef = 346E737C2A4A29D5006ECAD5 /* render.cpp */; };
		346E73DA2A4A29D5006ECAD5 /* render_gl.cpp in Sources */ = {isa = PBXBuildFile; fileRef = 346E737D2A4A29D5006ECAD5 /* render_gl.cpp */; };
		346E73DB2A4A29D5006ECAD5 /* render_gl.cpp in Sources */ = {isa = PBXBuildFile; fileRef = 346E737D2A4A29D5006ECAD5 /* render_gl.cpp */; };
		346E73DC2A4A29D5006ECAD5 /* render_gl.cpp in Sources */ = {isa = PBXBuildFile; fileRef = 346E737D2A4A29D5006ECAD5 /* render_gl.cpp */; };
		346E73DD2A4A29D5006ECAD5 /* log.cpp in Sources */ = {isa = PBXBuildFile; fileRef = 346E737E2A4A29D5006ECAD5 /* log.cpp */; };
		346E73DE2A4A29D5006ECAD5 /* log.cpp in Sources */ = {isa = PBXBuildFile; fileRef = 346E737E2A4A29D5006ECAD5 /* log.cpp */; };
		346E73DF2A4A29D5006ECAD5 /* log.cpp in Sources */ = {isa = PBXBuildFile; fileRef = 346E737E2A4A29D5006ECAD5 /* log.cpp */; };
		346E73E02A4A29D5006ECAD5 /* profiler.cpp in Sources */ = {isa = PBXBuildFile; fileRef = 346E737F2A4A29D5006ECAD5 /* profiler.cpp */; };
		346E73E12A4A29D5006ECAD5 /* profiler.cpp in Sources */ = {isa = PBXBuildFile; fileRef = 346E737F2A4A29D5006ECAD5 /* profiler.cpp */; };
		346E73E22A4A29D5006ECAD5 /* profiler.cpp in Sources */ = {isa = PBXBuildFile; fileRef = 346E737F2A4A29D5006ECAD5 /* profiler.cpp */; };
		346E73E32A4A29D5006ECAD5 /* script.cpp in Sources */ = {isa = PBXBuildFile; fileRef = 346E73812A4A29D5006ECAD5 /* script.cpp */; };
		346E73E42A4A29D5006ECAD5 /* script.cpp in Sources */ = {isa = PBXBuildFile; fileRef = 346E73812A4A29D5006ECAD5 /* script.cpp */; };
		346E73E52A4A29D5006ECAD5 /* script.cpp in Sources */ = {isa = PBXBuildFile; fileRef = 346E73812A4A29D5006ECAD5 /* script.cpp */; };
		346E73FE2A4A29D5006ECAD5 /* audio.cpp in Sources */ = {isa = PBXBuildFile; fileRef = 346E738E2A4A29D5006ECAD5 /* audio.cpp */; };
		346E73FF2A4A29D5006ECAD5 /* audio.cpp in Sources */ = {isa = PBXBuildFile; fileRef = 346E738E2A4A29D5006ECAD5 /* audio.cpp */; };
		346E74002A4A29D5006ECAD5 /* audio.cpp in Sources */ = {isa = PBXBuildFile; fileRef = 346E738E2A4A29D5006ECAD5 /* audio.cpp */; };
		346E74012A4A29D5006ECAD5 /* device.cpp in Sources */ = {isa = PBXBuildFile; fileRef = 346E738F2A4A29D5006ECAD5 /* device.cpp */; };
		346E74022A4A29D5006ECAD5 /* device.cpp in Sources */ = {isa = PBXBuildFile; fileRef = 346E738F2A4A29D5006ECAD5 /* device.cpp */; };
		346E74032A4A29D5006ECAD5 /* device.cpp in Sources */ = {isa = PBXBuildFile; fileRef = 346E738F2A4A29D5006ECAD5 /* device.cpp */; };
		346E74042A4A29D5006ECAD5 /* fileio.cpp in Sources */ = {isa = PBXBuildFile; fileRef = 346E73902A4A29D5006ECAD5 /* fileio.cpp */; };
		346E74052A4A29D5006ECAD5 /* fileio.cpp in Sources */ = {isa = PBXBuildFile; fileRef = 346E73902A4A29D5006ECAD5 /* fileio.cpp */; };
		346E74062A4A29D5006ECAD5 /* fileio.cpp in Sources */ = {isa = PBXBuildFile; fileRef = 346E73902A4A29D5006ECAD5 /* fileio.cpp */; };
		346E74072A4A29D5006ECAD5 /* data.cpp in Sources */ = {isa = PBXBuildFile; fileRef = 346E73912A4A29D5006ECAD5 /* data.cpp */; };
		346E74082A4A29D5006ECAD5 /* data.cpp in Sources */ = {isa = PBXBuildFile; fileRef = 346E73912A4A29D5006ECAD5 /* data.cpp */; };
		346E74092A4A29D5006ECAD5 /* data.cpp in Sources */ = {isa = PBXBuildFile; fileRef = 346E73912A4A29D5006ECAD5 /* data.cpp */; };
		346E740A2A4A29D5006ECAD5 /* opengl.cpp in Sources */ = {isa = PBXBuildFile; fileRef = 346E73922A4A29D5006ECAD5 /* opengl.cpp */; };
		346E740B2A4A29D5006ECAD5 /* opengl.cpp in Sources */ = {isa = PBXBuildFile; fileRef = 346E73922A4A29D5006ECAD5 /* opengl.cpp */; };
		346E740C2A4A29D5006ECAD5 /* opengl.cpp in Sources */ = {isa = PBXBuildFile; fileRef = 346E73922A4A29D5006ECAD5 /* opengl.cpp */; };
		346E740D2A4A29D5006ECAD5 /* inspector.cpp in Sources */ = {isa = PBXBuildFile; fileRef = 346E73932A4A29D5006ECAD5 /* inspector.cpp */; };
		346E740E2A4A29D5006ECAD5 /* inspector.cpp in Sources */ = {isa = PBXBuildFile; fileRef = 346E73932A4A29D5006ECAD5 /* inspector.cpp */; };
		346E740F2A4A29D5006ECAD5 /* inspector.cpp in Sources */ = {isa = PBXBuildFile; fileRef = 346E73932A4A29D5006ECAD5 /* inspector.cpp */; };
		346E74102A4A29D5006ECAD5 /* configuration.cpp in Sources */ = {isa = PBXBuildFile; fileRef = 346E73942A4A29D5006ECAD5 /* configuration.cpp */; };
		346E74112A4A29D5006ECAD5 /* configuration.cpp in Sources */ = {isa = PBXBuildFile; fileRef = 346E73942A4A29D5006ECAD5 /* configuration.cpp */; };
		346E74122A4A29D5006ECAD5 /* configuration.cpp in Sources */ = {isa = PBXBuildFile; fileRef = 346E73942A4A29D5006ECAD5 /* configuration.cpp */; };
		346E74132A4A29D5006ECAD5 /* tools.cpp in Sources */ = {isa = PBXBuildFile; fileRef = 346E73952A4A29D5006ECAD5 /* tools.cpp */; };
		346E74142A4A29D5006ECAD5 /* tools.cpp in Sources */ = {isa = PBXBuildFile; fileRef = 346E73952A4A29D5006ECAD5 /* tools.cpp */; };
		346E74152A4A29D5006ECAD5 /* tools.cpp in Sources */ = {isa = PBXBuildFile; fileRef = 346E73952A4A29D5006ECAD5 /* tools.cpp */; };
		346E741F2A4A29D5006ECAD5 /* main.cpp in Sources */ = {isa = PBXBuildFile; fileRef = 346E739A2A4A29D5006ECAD5 /* main.cpp */; };
		346E74202A4A29D5006ECAD5 /* main.cpp in Sources */ = {isa = PBXBuildFile; fileRef = 346E739A2A4A29D5006ECAD5 /* main.cpp */; };
		346E74212A4A29D5006ECAD5 /* main.cpp in Sources */ = {isa = PBXBuildFile; fileRef = 346E739A2A4A29D5006ECAD5 /* main.cpp */; };
		346E74222A4A2CAF006ECAD5 /* Assets.xcassets in Resources */ = {isa = PBXBuildFile; fileRef = 346EBF9C2A49F33D00771230 /* Assets.xcassets */; };
		346EBFA62A49F33D00771230 /* AppDelegate.m in Sources */ = {isa = PBXBuildFile; fileRef = 346EBFA52A49F33D00771230 /* AppDelegate.m */; };
		346EBFA92A49F33D00771230 /* GameViewController.m in Sources */ = {isa = PBXBuildFile; fileRef = 346EBFA82A49F33D00771230 /* GameViewController.m */; };
		346EBFAC2A49F33D00771230 /* Main.storyboard in Resources */ = {isa = PBXBuildFile; fileRef = 346EBFAA2A49F33D00771230 /* Main.storyboard */; };
		346EBFAF2A49F33D00771230 /* LaunchScreen.storyboard in Resources */ = {isa = PBXBuildFile; fileRef = 346EBFAD2A49F33D00771230 /* LaunchScreen.storyboard */; };
		346EBFB12A49F33D00771230 /* main.m in Sources */ = {isa = PBXBuildFile; fileRef = 346EBFB02A49F33D00771230 /* main.m */; };
		346EBFBA2A49F33D00771230 /* AppDelegate.m in Sources */ = {isa = PBXBuildFile; fileRef = 346EBFB92A49F33D00771230 /* AppDelegate.m */; };
		346EBFBD2A49F33D00771230 /* GameViewController.m in Sources */ = {isa = PBXBuildFile; fileRef = 346EBFBC2A49F33D00771230 /* GameViewController.m */; };
		346EBFC02A49F33D00771230 /* Main.storyboard in Resources */ = {isa = PBXBuildFile; fileRef = 346EBFBE2A49F33D00771230 /* Main.storyboard */; };
		346EBFC32A49F33D00771230 /* LaunchScreen.storyboard in Resources */ = {isa = PBXBuildFile; fileRef = 346EBFC12A49F33D00771230 /* LaunchScreen.storyboard */; };
		346EBFC52A49F33D00771230 /* main.m in Sources */ = {isa = PBXBuildFile; fileRef = 346EBFC42A49F33D00771230 /* main.m */; };
		346EBFCE2A49F33D00771230 /* AppDelegate.m in Sources */ = {isa = PBXBuildFile; fileRef = 346EBFCD2A49F33D00771230 /* AppDelegate.m */; };
		346EBFD62A49F33D00771230 /* main.m in Sources */ = {isa = PBXBuildFile; fileRef = 346EBFD52A49F33D00771230 /* main.m */; };
		346EBFD82A49F33D00771230 /* Renderer.m in Sources */ = {isa = PBXBuildFile; fileRef = 346EBF992A49F33C00771230 /* Renderer.m */; };
		346EBFD92A49F33D00771230 /* Renderer.m in Sources */ = {isa = PBXBuildFile; fileRef = 346EBF992A49F33C00771230 /* Renderer.m */; };
		346EBFDA2A49F33D00771230 /* Renderer.m in Sources */ = {isa = PBXBuildFile; fileRef = 346EBF992A49F33C00771230 /* Renderer.m */; };
		346EBFDB2A49F33D00771230 /* Shaders.metal in Sources */ = {isa = PBXBuildFile; fileRef = 346EBF9B2A49F33C00771230 /* Shaders.metal */; };
		346EBFDC2A49F33D00771230 /* Shaders.metal in Sources */ = {isa = PBXBuildFile; fileRef = 346EBF9B2A49F33C00771230 /* Shaders.metal */; };
		346EBFDE2A49F33D00771230 /* Assets.xcassets in Resources */ = {isa = PBXBuildFile; fileRef = 346EBF9C2A49F33D00771230 /* Assets.xcassets */; };
		346EBFDF2A49F33D00771230 /* Assets.xcassets in Resources */ = {isa = PBXBuildFile; fileRef = 346EBF9C2A49F33D00771230 /* Assets.xcassets */; };
/* End PBXBuildFile section */

/* Begin PBXFileReference section */
		346E73412A4A29D5006ECAD5 /* input.h */ = {isa = PBXFileReference; fileEncoding = 4; lastKnownFileType = sourcecode.c.h; path = input.h; sourceTree = "<group>"; };
		346E73432A4A29D5006ECAD5 /* version.h */ = {isa = PBXFileReference; fileEncoding = 4; lastKnownFileType = sourcecode.c.h; path = version.h; sourceTree = "<group>"; };
		346E73442A4A29D5006ECAD5 /* script.h */ = {isa = PBXFileReference; fileEncoding = 4; lastKnownFileType = sourcecode.c.h; path = script.h; sourceTree = "<group>"; };
		346E73452A4A29D5006ECAD5 /* device.h */ = {isa = PBXFileReference; fileEncoding = 4; lastKnownFileType = sourcecode.c.h; path = device.h; sourceTree = "<group>"; };
		346E73462A4A29D5006ECAD5 /* opengl.h */ = {isa = PBXFileReference; fileEncoding = 4; lastKnownFileType = sourcecode.c.h; path = opengl.h; sourceTree = "<group>"; };
		346E73472A4A29D5006ECAD5 /* account.h */ = {isa = PBXFileReference; fileEncoding = 4; lastKnownFileType = sourcecode.c.h; path = account.h; sourceTree = "<group>"; };
		346E73482A4A29D5006ECAD5 /* data.h */ = {isa = PBXFileReference; fileEncoding = 4; lastKnownFileType = sourcecode.c.h; path = data.h; sourceTree = "<group>"; };
		346E73492A4A29D5006ECAD5 /* configuration.h */ = {isa = PBXFileReference; fileEncoding = 4; lastKnownFileType = sourcecode.c.h; path = configuration.h; sourceTree = "<group>"; };
		346E734A2A4A29D5006ECAD5 /* audio.h */ = {isa = PBXFileReference; fileEncoding = 4; lastKnownFileType = sourcecode.c.h; path = audio.h; sourceTree = "<group>"; };
		346E734B2A4A29D5006ECAD5 /* defines.h */ = {isa = PBXFileReference; fileEncoding = 4; lastKnownFileType = sourcecode.c.h; path = defines.h; sourceTree = "<group>"; };
		346E734C2A4A29D5006ECAD5 /* log.h */ = {isa = PBXFileReference; fileEncoding = 4; lastKnownFileType = sourcecode.c.h; path = log.h; sourceTree = "<group>"; };
		346E734D2A4A29D5006ECAD5 /* tools.h */ = {isa = PBXFileReference; fileEncoding = 4; lastKnownFileType = sourcecode.c.h; path = tools.h; sourceTree = "<group>"; };
		346E734E2A4A29D5006ECAD5 /* fileio.h */ = {isa = PBXFileReference; fileEncoding = 4; lastKnownFileType = sourcecode.c.h; path = fileio.h; sourceTree = "<group>"; };
		346E734F2A4A29D5006ECAD5 /* inspector.h */ = {isa = PBXFileReference; fileEncoding = 4; lastKnownFileType = sourcecode.c.h; path = inspector.h; sourceTree = "<group>"; };
		346E73512A4A29D5006ECAD5 /* profiler.h */ = {isa = PBXFileReference; fileEncoding = 4; lastKnownFileType = sourcecode.c.h; path = profiler.h; sourceTree = "<group>"; };
		346E73522A4A29D5006ECAD5 /* render.h */ = {isa = PBXFileReference; fileEncoding = 4; lastKnownFileType = sourcecode.c.h; path = render.h; sourceTree = "<group>"; };
		346E735A2A4A29D5006ECAD5 /* AppDelegate.h */ = {isa = PBXFileReference; fileEncoding = 4; lastKnownFileType = sourcecode.c.h; path = AppDelegate.h; sourceTree = "<group>"; };
		346E735B2A4A29D5006ECAD5 /* xs_macOS.entitlements */ = {isa = PBXFileReference; fileEncoding = 4; lastKnownFileType = text.plist.entitlements; path = xs_macOS.entitlements; sourceTree = "<group>"; };
		346E735C2A4A29D5006ECAD5 /* GameViewController.m */ = {isa = PBXFileReference; fileEncoding = 4; lastKnownFileType = sourcecode.c.objc; path = GameViewController.m; sourceTree = "<group>"; };
		346E735E2A4A29D5006ECAD5 /* Base */ = {isa = PBXFileReference; lastKnownFileType = file.storyboard; name = Base; path = Base.lproj/Main.storyboard; sourceTree = "<group>"; };
		346E735F2A4A29D5006ECAD5 /* main.m */ = {isa = PBXFileReference; fileEncoding = 4; lastKnownFileType = sourcecode.c.objc; path = main.m; sourceTree = "<group>"; };
		346E73602A4A29D5006ECAD5 /* AppDelegate.m */ = {isa = PBXFileReference; fileEncoding = 4; lastKnownFileType = sourcecode.c.objc; path = AppDelegate.m; sourceTree = "<group>"; };
		346E73612A4A29D5006ECAD5 /* GameViewController.h */ = {isa = PBXFileReference; fileEncoding = 4; lastKnownFileType = sourcecode.c.h; path = GameViewController.h; sourceTree = "<group>"; };
		346E73632A4A29D5006ECAD5 /* Renderer.h */ = {isa = PBXFileReference; fileEncoding = 4; lastKnownFileType = sourcecode.c.h; path = Renderer.h; sourceTree = "<group>"; };
		346E73642A4A29D5006ECAD5 /* Assets.xcassets */ = {isa = PBXFileReference; lastKnownFileType = folder.assetcatalog; path = Assets.xcassets; sourceTree = "<group>"; };
		346E73652A4A29D5006ECAD5 /* Shaders.metal */ = {isa = PBXFileReference; fileEncoding = 4; lastKnownFileType = sourcecode.metal; path = Shaders.metal; sourceTree = "<group>"; };
		346E73662A4A29D5006ECAD5 /* ShaderTypes.h */ = {isa = PBXFileReference; fileEncoding = 4; lastKnownFileType = sourcecode.c.h; path = ShaderTypes.h; sourceTree = "<group>"; };
		346E73672A4A29D5006ECAD5 /* Renderer.m */ = {isa = PBXFileReference; fileEncoding = 4; lastKnownFileType = sourcecode.c.objc; path = Renderer.m; sourceTree = "<group>"; };
		346E73692A4A29D5006ECAD5 /* AppDelegate.h */ = {isa = PBXFileReference; fileEncoding = 4; lastKnownFileType = sourcecode.c.h; path = AppDelegate.h; sourceTree = "<group>"; };
		346E736A2A4A29D5006ECAD5 /* GameViewController.m */ = {isa = PBXFileReference; fileEncoding = 4; lastKnownFileType = sourcecode.c.objc; path = GameViewController.m; sourceTree = "<group>"; };
		346E736C2A4A29D5006ECAD5 /* Base */ = {isa = PBXFileReference; lastKnownFileType = file.storyboard; name = Base; path = Base.lproj/LaunchScreen.storyboard; sourceTree = "<group>"; };
		346E736E2A4A29D5006ECAD5 /* Base */ = {isa = PBXFileReference; lastKnownFileType = file.storyboard; name = Base; path = Base.lproj/Main.storyboard; sourceTree = "<group>"; };
		346E736F2A4A29D5006ECAD5 /* main.m */ = {isa = PBXFileReference; fileEncoding = 4; lastKnownFileType = sourcecode.c.objc; path = main.m; sourceTree = "<group>"; };
		346E73702A4A29D5006ECAD5 /* AppDelegate.m */ = {isa = PBXFileReference; fileEncoding = 4; lastKnownFileType = sourcecode.c.objc; path = AppDelegate.m; sourceTree = "<group>"; };
		346E73712A4A29D5006ECAD5 /* GameViewController.h */ = {isa = PBXFileReference; fileEncoding = 4; lastKnownFileType = sourcecode.c.h; path = GameViewController.h; sourceTree = "<group>"; };
		346E73732A4A29D5006ECAD5 /* AppDelegate.h */ = {isa = PBXFileReference; fileEncoding = 4; lastKnownFileType = sourcecode.c.h; path = AppDelegate.h; sourceTree = "<group>"; };
		346E73742A4A29D5006ECAD5 /* GameViewController.m */ = {isa = PBXFileReference; fileEncoding = 4; lastKnownFileType = sourcecode.c.objc; path = GameViewController.m; sourceTree = "<group>"; };
		346E73762A4A29D5006ECAD5 /* Base */ = {isa = PBXFileReference; lastKnownFileType = file.storyboard; name = Base; path = Base.lproj/LaunchScreen.storyboard; sourceTree = "<group>"; };
		346E73782A4A29D5006ECAD5 /* Base */ = {isa = PBXFileReference; lastKnownFileType = file.storyboard; name = Base; path = Base.lproj/Main.storyboard; sourceTree = "<group>"; };
		346E73792A4A29D5006ECAD5 /* main.m */ = {isa = PBXFileReference; fileEncoding = 4; lastKnownFileType = sourcecode.c.objc; path = main.m; sourceTree = "<group>"; };
		346E737A2A4A29D5006ECAD5 /* AppDelegate.m */ = {isa = PBXFileReference; fileEncoding = 4; lastKnownFileType = sourcecode.c.objc; path = AppDelegate.m; sourceTree = "<group>"; };
		346E737B2A4A29D5006ECAD5 /* GameViewController.h */ = {isa = PBXFileReference; fileEncoding = 4; lastKnownFileType = sourcecode.c.h; path = GameViewController.h; sourceTree = "<group>"; };
		346E737C2A4A29D5006ECAD5 /* render.cpp */ = {isa = PBXFileReference; fileEncoding = 4; lastKnownFileType = sourcecode.cpp.cpp; path = render.cpp; sourceTree = "<group>"; };
		346E737D2A4A29D5006ECAD5 /* render_gl.cpp */ = {isa = PBXFileReference; fileEncoding = 4; lastKnownFileType = sourcecode.cpp.cpp; path = render_gl.cpp; sourceTree = "<group>"; };
		346E737E2A4A29D5006ECAD5 /* log.cpp */ = {isa = PBXFileReference; fileEncoding = 4; lastKnownFileType = sourcecode.cpp.cpp; path = log.cpp; sourceTree = "<group>"; };
		346E737F2A4A29D5006ECAD5 /* profiler.cpp */ = {isa = PBXFileReference; fileEncoding = 4; lastKnownFileType = sourcecode.cpp.cpp; path = profiler.cpp; sourceTree = "<group>"; };
		346E73802A4A29D5006ECAD5 /* render_internal.h */ = {isa = PBXFileReference; fileEncoding = 4; lastKnownFileType = sourcecode.c.h; path = render_internal.h; sourceTree = "<group>"; };
		346E73812A4A29D5006ECAD5 /* script.cpp */ = {isa = PBXFileReference; fileEncoding = 4; lastKnownFileType = sourcecode.cpp.cpp; path = script.cpp; sourceTree = "<group>"; };
		346E738E2A4A29D5006ECAD5 /* audio.cpp */ = {isa = PBXFileReference; fileEncoding = 4; lastKnownFileType = sourcecode.cpp.cpp; path = audio.cpp; sourceTree = "<group>"; };
		346E738F2A4A29D5006ECAD5 /* device.cpp */ = {isa = PBXFileReference; fileEncoding = 4; lastKnownFileType = sourcecode.cpp.cpp; path = device.cpp; sourceTree = "<group>"; };
		346E73902A4A29D5006ECAD5 /* fileio.cpp */ = {isa = PBXFileReference; fileEncoding = 4; lastKnownFileType = sourcecode.cpp.cpp; path = fileio.cpp; sourceTree = "<group>"; };
		346E73912A4A29D5006ECAD5 /* data.cpp */ = {isa = PBXFileReference; fileEncoding = 4; lastKnownFileType = sourcecode.cpp.cpp; path = data.cpp; sourceTree = "<group>"; };
		346E73922A4A29D5006ECAD5 /* opengl.cpp */ = {isa = PBXFileReference; fileEncoding = 4; lastKnownFileType = sourcecode.cpp.cpp; path = opengl.cpp; sourceTree = "<group>"; };
		346E73932A4A29D5006ECAD5 /* inspector.cpp */ = {isa = PBXFileReference; fileEncoding = 4; lastKnownFileType = sourcecode.cpp.cpp; path = inspector.cpp; sourceTree = "<group>"; };
		346E73942A4A29D5006ECAD5 /* configuration.cpp */ = {isa = PBXFileReference; fileEncoding = 4; lastKnownFileType = sourcecode.cpp.cpp; path = configuration.cpp; sourceTree = "<group>"; };
		346E73952A4A29D5006ECAD5 /* tools.cpp */ = {isa = PBXFileReference; fileEncoding = 4; lastKnownFileType = sourcecode.cpp.cpp; path = tools.cpp; sourceTree = "<group>"; };
		346E739A2A4A29D5006ECAD5 /* main.cpp */ = {isa = PBXFileReference; fileEncoding = 4; lastKnownFileType = sourcecode.cpp.cpp; path = main.cpp; sourceTree = "<group>"; };
		346EBF982A49F33C00771230 /* Renderer.h */ = {isa = PBXFileReference; lastKnownFileType = sourcecode.c.h; path = Renderer.h; sourceTree = "<group>"; };
		346EBF992A49F33C00771230 /* Renderer.m */ = {isa = PBXFileReference; lastKnownFileType = sourcecode.c.objc; path = Renderer.m; sourceTree = "<group>"; };
		346EBF9A2A49F33C00771230 /* ShaderTypes.h */ = {isa = PBXFileReference; lastKnownFileType = sourcecode.c.h; path = ShaderTypes.h; sourceTree = "<group>"; };
		346EBF9B2A49F33C00771230 /* Shaders.metal */ = {isa = PBXFileReference; lastKnownFileType = sourcecode.metal; path = Shaders.metal; sourceTree = "<group>"; };
		346EBF9C2A49F33D00771230 /* Assets.xcassets */ = {isa = PBXFileReference; lastKnownFileType = folder.assetcatalog; path = Assets.xcassets; sourceTree = "<group>"; };
		346EBFA12A49F33D00771230 /* xs.app */ = {isa = PBXFileReference; explicitFileType = wrapper.application; includeInIndex = 0; path = xs.app; sourceTree = BUILT_PRODUCTS_DIR; };
		346EBFA42A49F33D00771230 /* AppDelegate.h */ = {isa = PBXFileReference; lastKnownFileType = sourcecode.c.h; path = AppDelegate.h; sourceTree = "<group>"; };
		346EBFA52A49F33D00771230 /* AppDelegate.m */ = {isa = PBXFileReference; lastKnownFileType = sourcecode.c.objc; path = AppDelegate.m; sourceTree = "<group>"; };
		346EBFA72A49F33D00771230 /* GameViewController.h */ = {isa = PBXFileReference; lastKnownFileType = sourcecode.c.h; path = GameViewController.h; sourceTree = "<group>"; };
		346EBFA82A49F33D00771230 /* GameViewController.m */ = {isa = PBXFileReference; lastKnownFileType = sourcecode.c.objc; path = GameViewController.m; sourceTree = "<group>"; };
		346EBFAB2A49F33D00771230 /* Base */ = {isa = PBXFileReference; lastKnownFileType = file.storyboard; name = Base; path = Base.lproj/Main.storyboard; sourceTree = "<group>"; };
		346EBFAE2A49F33D00771230 /* Base */ = {isa = PBXFileReference; lastKnownFileType = file.storyboard; name = Base; path = Base.lproj/LaunchScreen.storyboard; sourceTree = "<group>"; };
		346EBFB02A49F33D00771230 /* main.m */ = {isa = PBXFileReference; lastKnownFileType = sourcecode.c.objc; path = main.m; sourceTree = "<group>"; };
		346EBFB62A49F33D00771230 /* xs.app */ = {isa = PBXFileReference; explicitFileType = wrapper.application; includeInIndex = 0; path = xs.app; sourceTree = BUILT_PRODUCTS_DIR; };
		346EBFB82A49F33D00771230 /* AppDelegate.h */ = {isa = PBXFileReference; lastKnownFileType = sourcecode.c.h; path = AppDelegate.h; sourceTree = "<group>"; };
		346EBFB92A49F33D00771230 /* AppDelegate.m */ = {isa = PBXFileReference; lastKnownFileType = sourcecode.c.objc; path = AppDelegate.m; sourceTree = "<group>"; };
		346EBFBB2A49F33D00771230 /* GameViewController.h */ = {isa = PBXFileReference; lastKnownFileType = sourcecode.c.h; path = GameViewController.h; sourceTree = "<group>"; };
		346EBFBC2A49F33D00771230 /* GameViewController.m */ = {isa = PBXFileReference; lastKnownFileType = sourcecode.c.objc; path = GameViewController.m; sourceTree = "<group>"; };
		346EBFBF2A49F33D00771230 /* Base */ = {isa = PBXFileReference; lastKnownFileType = file.storyboard; name = Base; path = Base.lproj/Main.storyboard; sourceTree = "<group>"; };
		346EBFC22A49F33D00771230 /* Base */ = {isa = PBXFileReference; lastKnownFileType = file.storyboard; name = Base; path = Base.lproj/LaunchScreen.storyboard; sourceTree = "<group>"; };
		346EBFC42A49F33D00771230 /* main.m */ = {isa = PBXFileReference; lastKnownFileType = sourcecode.c.objc; path = main.m; sourceTree = "<group>"; };
		346EBFCA2A49F33D00771230 /* xs.app */ = {isa = PBXFileReference; explicitFileType = wrapper.application; includeInIndex = 0; path = xs.app; sourceTree = BUILT_PRODUCTS_DIR; };
		346EBFCC2A49F33D00771230 /* AppDelegate.h */ = {isa = PBXFileReference; lastKnownFileType = sourcecode.c.h; path = AppDelegate.h; sourceTree = "<group>"; };
		346EBFCD2A49F33D00771230 /* AppDelegate.m */ = {isa = PBXFileReference; lastKnownFileType = sourcecode.c.objc; path = AppDelegate.m; sourceTree = "<group>"; };
		346EBFCF2A49F33D00771230 /* GameViewController.h */ = {isa = PBXFileReference; lastKnownFileType = sourcecode.c.h; path = GameViewController.h; sourceTree = "<group>"; };
		346EBFD02A49F33D00771230 /* GameViewController.m */ = {isa = PBXFileReference; lastKnownFileType = sourcecode.c.objc; path = GameViewController.m; sourceTree = "<group>"; };
		346EBFD32A49F33D00771230 /* Base */ = {isa = PBXFileReference; lastKnownFileType = file.storyboard; name = Base; path = Base.lproj/Main.storyboard; sourceTree = "<group>"; };
		346EBFD52A49F33D00771230 /* main.m */ = {isa = PBXFileReference; lastKnownFileType = sourcecode.c.objc; path = main.m; sourceTree = "<group>"; };
		346EBFD72A49F33D00771230 /* xs_macOS.entitlements */ = {isa = PBXFileReference; lastKnownFileType = text.plist.entitlements; path = xs_macOS.entitlements; sourceTree = "<group>"; };
/* End PBXFileReference section */

/* Begin PBXFrameworksBuildPhase section */
		346EBF9E2A49F33D00771230 /* Frameworks */ = {
			isa = PBXFrameworksBuildPhase;
			buildActionMask = 2147483647;
			files = (
			);
			runOnlyForDeploymentPostprocessing = 0;
		};
		346EBFB32A49F33D00771230 /* Frameworks */ = {
			isa = PBXFrameworksBuildPhase;
			buildActionMask = 2147483647;
			files = (
			);
			runOnlyForDeploymentPostprocessing = 0;
		};
		346EBFC72A49F33D00771230 /* Frameworks */ = {
			isa = PBXFrameworksBuildPhase;
			buildActionMask = 2147483647;
			files = (
			);
			runOnlyForDeploymentPostprocessing = 0;
		};
/* End PBXFrameworksBuildPhase section */

/* Begin PBXGroup section */
		346E733F2A4A29D5006ECAD5 /* code */ = {
			isa = PBXGroup;
			children = (
				346E73402A4A29D5006ECAD5 /* include */,
				346E73532A4A29D5006ECAD5 /* source */,
			);
			path = code;
			sourceTree = "<group>";
		};
		346E73402A4A29D5006ECAD5 /* include */ = {
			isa = PBXGroup;
			children = (
				346E73412A4A29D5006ECAD5 /* input.h */,
				346E73432A4A29D5006ECAD5 /* version.h */,
				346E73442A4A29D5006ECAD5 /* script.h */,
				346E73452A4A29D5006ECAD5 /* device.h */,
				346E73462A4A29D5006ECAD5 /* opengl.h */,
				346E73472A4A29D5006ECAD5 /* account.h */,
				346E73482A4A29D5006ECAD5 /* data.h */,
				346E73492A4A29D5006ECAD5 /* configuration.h */,
				346E734A2A4A29D5006ECAD5 /* audio.h */,
				346E734B2A4A29D5006ECAD5 /* defines.h */,
				346E734C2A4A29D5006ECAD5 /* log.h */,
				346E734D2A4A29D5006ECAD5 /* tools.h */,
				346E734E2A4A29D5006ECAD5 /* fileio.h */,
				346E734F2A4A29D5006ECAD5 /* inspector.h */,
				346E73512A4A29D5006ECAD5 /* profiler.h */,
				346E73522A4A29D5006ECAD5 /* render.h */,
			);
			path = include;
			sourceTree = "<group>";
		};
		346E73532A4A29D5006ECAD5 /* source */ = {
			isa = PBXGroup;
			children = (
				346E73582A4A29D5006ECAD5 /* apple */,
				346E737C2A4A29D5006ECAD5 /* render.cpp */,
				346E737D2A4A29D5006ECAD5 /* render_gl.cpp */,
				346E737E2A4A29D5006ECAD5 /* log.cpp */,
				346E737F2A4A29D5006ECAD5 /* profiler.cpp */,
				346E73802A4A29D5006ECAD5 /* render_internal.h */,
				346E73812A4A29D5006ECAD5 /* script.cpp */,
				346E738E2A4A29D5006ECAD5 /* audio.cpp */,
				346E738F2A4A29D5006ECAD5 /* device.cpp */,
				346E73902A4A29D5006ECAD5 /* fileio.cpp */,
				346E73912A4A29D5006ECAD5 /* data.cpp */,
				346E73922A4A29D5006ECAD5 /* opengl.cpp */,
				346E73932A4A29D5006ECAD5 /* inspector.cpp */,
				346E73942A4A29D5006ECAD5 /* configuration.cpp */,
				346E73952A4A29D5006ECAD5 /* tools.cpp */,
				346E739A2A4A29D5006ECAD5 /* main.cpp */,
			);
			path = source;
			sourceTree = "<group>";
		};
		346E73582A4A29D5006ECAD5 /* apple */ = {
			isa = PBXGroup;
			children = (
				346E73592A4A29D5006ECAD5 /* macos */,
				346E73622A4A29D5006ECAD5 /* shared */,
				346E73682A4A29D5006ECAD5 /* ios */,
				346E73722A4A29D5006ECAD5 /* tvos */,
			);
			path = apple;
			sourceTree = "<group>";
		};
		346E73592A4A29D5006ECAD5 /* macos */ = {
			isa = PBXGroup;
			children = (
				346E735A2A4A29D5006ECAD5 /* AppDelegate.h */,
				346E735B2A4A29D5006ECAD5 /* xs_macOS.entitlements */,
				346E735C2A4A29D5006ECAD5 /* GameViewController.m */,
				346E735D2A4A29D5006ECAD5 /* Main.storyboard */,
				346E735F2A4A29D5006ECAD5 /* main.m */,
				346E73602A4A29D5006ECAD5 /* AppDelegate.m */,
				346E73612A4A29D5006ECAD5 /* GameViewController.h */,
			);
			path = macos;
			sourceTree = "<group>";
		};
		346E73622A4A29D5006ECAD5 /* shared */ = {
			isa = PBXGroup;
			children = (
				346E73632A4A29D5006ECAD5 /* Renderer.h */,
				346E73642A4A29D5006ECAD5 /* Assets.xcassets */,
				346E73652A4A29D5006ECAD5 /* Shaders.metal */,
				346E73662A4A29D5006ECAD5 /* ShaderTypes.h */,
				346E73672A4A29D5006ECAD5 /* Renderer.m */,
			);
			path = shared;
			sourceTree = "<group>";
		};
		346E73682A4A29D5006ECAD5 /* ios */ = {
			isa = PBXGroup;
			children = (
				346E73692A4A29D5006ECAD5 /* AppDelegate.h */,
				346E736A2A4A29D5006ECAD5 /* GameViewController.m */,
				346E736B2A4A29D5006ECAD5 /* LaunchScreen.storyboard */,
				346E736D2A4A29D5006ECAD5 /* Main.storyboard */,
				346E736F2A4A29D5006ECAD5 /* main.m */,
				346E73702A4A29D5006ECAD5 /* AppDelegate.m */,
				346E73712A4A29D5006ECAD5 /* GameViewController.h */,
			);
			path = ios;
			sourceTree = "<group>";
		};
		346E73722A4A29D5006ECAD5 /* tvos */ = {
			isa = PBXGroup;
			children = (
				346E73732A4A29D5006ECAD5 /* AppDelegate.h */,
				346E73742A4A29D5006ECAD5 /* GameViewController.m */,
				346E73752A4A29D5006ECAD5 /* LaunchScreen.storyboard */,
				346E73772A4A29D5006ECAD5 /* Main.storyboard */,
				346E73792A4A29D5006ECAD5 /* main.m */,
				346E737A2A4A29D5006ECAD5 /* AppDelegate.m */,
				346E737B2A4A29D5006ECAD5 /* GameViewController.h */,
			);
			path = tvos;
			sourceTree = "<group>";
		};
		346EBF922A49F33C00771230 = {
			isa = PBXGroup;
			children = (
				346E733F2A4A29D5006ECAD5 /* code */,
				346EBF972A49F33C00771230 /* shared */,
				346EBFA32A49F33D00771230 /* ios */,
				346EBFB72A49F33D00771230 /* tvos */,
				346EBFCB2A49F33D00771230 /* macos */,
				346EBFA22A49F33D00771230 /* Products */,
			);
			sourceTree = "<group>";
		};
		346EBF972A49F33C00771230 /* shared */ = {
			isa = PBXGroup;
			children = (
				346EBF982A49F33C00771230 /* Renderer.h */,
				346EBF992A49F33C00771230 /* Renderer.m */,
				346EBF9A2A49F33C00771230 /* ShaderTypes.h */,
				346EBF9B2A49F33C00771230 /* Shaders.metal */,
				346EBF9C2A49F33D00771230 /* Assets.xcassets */,
			);
			name = shared;
			path = code/source/apple/shared;
			sourceTree = "<group>";
		};
		346EBFA22A49F33D00771230 /* Products */ = {
			isa = PBXGroup;
			children = (
				346EBFA12A49F33D00771230 /* xs.app */,
				346EBFB62A49F33D00771230 /* xs.app */,
				346EBFCA2A49F33D00771230 /* xs.app */,
			);
			name = Products;
			sourceTree = "<group>";
		};
		346EBFA32A49F33D00771230 /* ios */ = {
			isa = PBXGroup;
			children = (
				346EBFA42A49F33D00771230 /* AppDelegate.h */,
				346EBFA52A49F33D00771230 /* AppDelegate.m */,
				346EBFA72A49F33D00771230 /* GameViewController.h */,
				346EBFA82A49F33D00771230 /* GameViewController.m */,
				346EBFAA2A49F33D00771230 /* Main.storyboard */,
				346EBFAD2A49F33D00771230 /* LaunchScreen.storyboard */,
				346EBFB02A49F33D00771230 /* main.m */,
			);
			name = ios;
			path = code/source/apple/ios;
			sourceTree = "<group>";
		};
		346EBFB72A49F33D00771230 /* tvos */ = {
			isa = PBXGroup;
			children = (
				346EBFB82A49F33D00771230 /* AppDelegate.h */,
				346EBFB92A49F33D00771230 /* AppDelegate.m */,
				346EBFBB2A49F33D00771230 /* GameViewController.h */,
				346EBFBC2A49F33D00771230 /* GameViewController.m */,
				346EBFBE2A49F33D00771230 /* Main.storyboard */,
				346EBFC12A49F33D00771230 /* LaunchScreen.storyboard */,
				346EBFC42A49F33D00771230 /* main.m */,
			);
			name = tvos;
			path = code/source/apple/tvos;
			sourceTree = "<group>";
		};
		346EBFCB2A49F33D00771230 /* macos */ = {
			isa = PBXGroup;
			children = (
				346EBFCC2A49F33D00771230 /* AppDelegate.h */,
				346EBFCD2A49F33D00771230 /* AppDelegate.m */,
				346EBFCF2A49F33D00771230 /* GameViewController.h */,
				346EBFD02A49F33D00771230 /* GameViewController.m */,
				346EBFD22A49F33D00771230 /* Main.storyboard */,
				346EBFD52A49F33D00771230 /* main.m */,
				346EBFD72A49F33D00771230 /* xs_macOS.entitlements */,
			);
			name = macos;
			path = code/source/apple/macos;
			sourceTree = "<group>";
		};
/* End PBXGroup section */

/* Begin PBXNativeTarget section */
		346EBFA02A49F33D00771230 /* ios */ = {
			isa = PBXNativeTarget;
			buildConfigurationList = 346EBFE32A49F33D00771230 /* Build configuration list for PBXNativeTarget "ios" */;
			buildPhases = (
				346EBF9D2A49F33D00771230 /* Sources */,
				346EBF9E2A49F33D00771230 /* Frameworks */,
				346EBF9F2A49F33D00771230 /* Resources */,
			);
			buildRules = (
			);
			dependencies = (
			);
			name = ios;
			productName = "xs iOS";
			productReference = 346EBFA12A49F33D00771230 /* xs.app */;
			productType = "com.apple.product-type.application";
		};
		346EBFB52A49F33D00771230 /* tvos */ = {
			isa = PBXNativeTarget;
			buildConfigurationList = 346EBFE62A49F33D00771230 /* Build configuration list for PBXNativeTarget "tvos" */;
			buildPhases = (
				346EBFB22A49F33D00771230 /* Sources */,
				346EBFB32A49F33D00771230 /* Frameworks */,
				346EBFB42A49F33D00771230 /* Resources */,
			);
			buildRules = (
			);
			dependencies = (
			);
			name = tvos;
			productName = "xs tvOS";
			productReference = 346EBFB62A49F33D00771230 /* xs.app */;
			productType = "com.apple.product-type.application";
		};
		346EBFC92A49F33D00771230 /* macos */ = {
			isa = PBXNativeTarget;
			buildConfigurationList = 346EBFE92A49F33D00771230 /* Build configuration list for PBXNativeTarget "macos" */;
			buildPhases = (
				346EBFC62A49F33D00771230 /* Sources */,
				346EBFC72A49F33D00771230 /* Frameworks */,
				346EBFC82A49F33D00771230 /* Resources */,
			);
			buildRules = (
			);
			dependencies = (
			);
			name = macos;
			productName = "xs macOS";
			productReference = 346EBFCA2A49F33D00771230 /* xs.app */;
			productType = "com.apple.product-type.application";
		};
/* End PBXNativeTarget section */

/* Begin PBXProject section */
		346EBF932A49F33C00771230 /* Project object */ = {
			isa = PBXProject;
			attributes = {
				BuildIndependentTargetsInParallel = 1;
				LastUpgradeCheck = 1430;
				TargetAttributes = {
					346EBFA02A49F33D00771230 = {
						CreatedOnToolsVersion = 14.3.1;
					};
					346EBFB52A49F33D00771230 = {
						CreatedOnToolsVersion = 14.3.1;
					};
					346EBFC92A49F33D00771230 = {
						CreatedOnToolsVersion = 14.3.1;
					};
				};
			};
			buildConfigurationList = 346EBF962A49F33C00771230 /* Build configuration list for PBXProject "xs" */;
			compatibilityVersion = "Xcode 14.0";
			developmentRegion = en;
			hasScannedForEncodings = 0;
			knownRegions = (
				en,
				Base,
			);
			mainGroup = 346EBF922A49F33C00771230;
			productRefGroup = 346EBFA22A49F33D00771230 /* Products */;
			projectDirPath = "";
			projectRoot = "";
			targets = (
				346EBFA02A49F33D00771230 /* ios */,
				346EBFB52A49F33D00771230 /* tvos */,
				346EBFC92A49F33D00771230 /* macos */,
			);
		};
/* End PBXProject section */

/* Begin PBXResourcesBuildPhase section */
		346EBF9F2A49F33D00771230 /* Resources */ = {
			isa = PBXResourcesBuildPhase;
			buildActionMask = 2147483647;
			files = (
				346E73BF2A4A29D5006ECAD5 /* Main.storyboard in Resources */,
				346E73CB2A4A29D5006ECAD5 /* LaunchScreen.storyboard in Resources */,
				346EBFAC2A49F33D00771230 /* Main.storyboard in Resources */,
				346EBFDE2A49F33D00771230 /* Assets.xcassets in Resources */,
				346EBFAF2A49F33D00771230 /* LaunchScreen.storyboard in Resources */,
				346E73BC2A4A29D5006ECAD5 /* LaunchScreen.storyboard in Resources */,
				346E73CE2A4A29D5006ECAD5 /* Main.storyboard in Resources */,
				346E73A72A4A29D5006ECAD5 /* Main.storyboard in Resources */,
				346E73B02A4A29D5006ECAD5 /* Assets.xcassets in Resources */,
			);
			runOnlyForDeploymentPostprocessing = 0;
		};
		346EBFB42A49F33D00771230 /* Resources */ = {
			isa = PBXResourcesBuildPhase;
			buildActionMask = 2147483647;
			files = (
				346E73C02A4A29D5006ECAD5 /* Main.storyboard in Resources */,
				346E73CC2A4A29D5006ECAD5 /* LaunchScreen.storyboard in Resources */,
				346EBFC02A49F33D00771230 /* Main.storyboard in Resources */,
				346EBFDF2A49F33D00771230 /* Assets.xcassets in Resources */,
				346EBFC32A49F33D00771230 /* LaunchScreen.storyboard in Resources */,
				346E73BD2A4A29D5006ECAD5 /* LaunchScreen.storyboard in Resources */,
				346E73CF2A4A29D5006ECAD5 /* Main.storyboard in Resources */,
				346E73A82A4A29D5006ECAD5 /* Main.storyboard in Resources */,
				346E73B12A4A29D5006ECAD5 /* Assets.xcassets in Resources */,
			);
			runOnlyForDeploymentPostprocessing = 0;
		};
		346EBFC82A49F33D00771230 /* Resources */ = {
			isa = PBXResourcesBuildPhase;
			buildActionMask = 2147483647;
			files = (
				346E74222A4A2CAF006ECAD5 /* Assets.xcassets in Resources */,
				346E73A92A4A29D5006ECAD5 /* Main.storyboard in Resources */,
			);
			runOnlyForDeploymentPostprocessing = 0;
		};
/* End PBXResourcesBuildPhase section */

/* Begin PBXSourcesBuildPhase section */
		346EBF9D2A49F33D00771230 /* Sources */ = {
			isa = PBXSourcesBuildPhase;
			buildActionMask = 2147483647;
			files = (
				346E73E32A4A29D5006ECAD5 /* script.cpp in Sources */,
				346E74132A4A29D5006ECAD5 /* tools.cpp in Sources */,
				346E73D42A4A29D5006ECAD5 /* AppDelegate.m in Sources */,
				346E740D2A4A29D5006ECAD5 /* inspector.cpp in Sources */,
				346E740A2A4A29D5006ECAD5 /* opengl.cpp in Sources */,
				346E73E02A4A29D5006ECAD5 /* profiler.cpp in Sources */,
				346E73B32A4A29D5006ECAD5 /* Shaders.metal in Sources */,
				346E73DD2A4A29D5006ECAD5 /* log.cpp in Sources */,
				346E73AD2A4A29D5006ECAD5 /* AppDelegate.m in Sources */,
				346E73B92A4A29D5006ECAD5 /* GameViewController.m in Sources */,
				346E74102A4A29D5006ECAD5 /* configuration.cpp in Sources */,
				346E73AA2A4A29D5006ECAD5 /* main.m in Sources */,
				346E74012A4A29D5006ECAD5 /* device.cpp in Sources */,
				346E73C52A4A29D5006ECAD5 /* AppDelegate.m in Sources */,
				346EBFD82A49F33D00771230 /* Renderer.m in Sources */,
				346E73B62A4A29D5006ECAD5 /* Renderer.m in Sources */,
				346E73C82A4A29D5006ECAD5 /* GameViewController.m in Sources */,
				346E74072A4A29D5006ECAD5 /* data.cpp in Sources */,
				346E73DA2A4A29D5006ECAD5 /* render_gl.cpp in Sources */,
				346EBFA92A49F33D00771230 /* GameViewController.m in Sources */,
				346E73A42A4A29D5006ECAD5 /* GameViewController.m in Sources */,
				346E73C22A4A29D5006ECAD5 /* main.m in Sources */,
				346E741F2A4A29D5006ECAD5 /* main.cpp in Sources */,
				346EBFB12A49F33D00771230 /* main.m in Sources */,
				346EBFA62A49F33D00771230 /* AppDelegate.m in Sources */,
				346E73FE2A4A29D5006ECAD5 /* audio.cpp in Sources */,
				346E73D12A4A29D5006ECAD5 /* main.m in Sources */,
				346EBFDB2A49F33D00771230 /* Shaders.metal in Sources */,
				346E73D72A4A29D5006ECAD5 /* render.cpp in Sources */,
				346E74042A4A29D5006ECAD5 /* fileio.cpp in Sources */,
			);
			runOnlyForDeploymentPostprocessing = 0;
		};
		346EBFB22A49F33D00771230 /* Sources */ = {
			isa = PBXSourcesBuildPhase;
			buildActionMask = 2147483647;
			files = (
				346E73E42A4A29D5006ECAD5 /* script.cpp in Sources */,
				346E74142A4A29D5006ECAD5 /* tools.cpp in Sources */,
				346E73D52A4A29D5006ECAD5 /* AppDelegate.m in Sources */,
				346E740E2A4A29D5006ECAD5 /* inspector.cpp in Sources */,
				346E740B2A4A29D5006ECAD5 /* opengl.cpp in Sources */,
				346E73E12A4A29D5006ECAD5 /* profiler.cpp in Sources */,
				346E73B42A4A29D5006ECAD5 /* Shaders.metal in Sources */,
				346E73DE2A4A29D5006ECAD5 /* log.cpp in Sources */,
				346E73AE2A4A29D5006ECAD5 /* AppDelegate.m in Sources */,
				346E73BA2A4A29D5006ECAD5 /* GameViewController.m in Sources */,
				346E74112A4A29D5006ECAD5 /* configuration.cpp in Sources */,
				346E73AB2A4A29D5006ECAD5 /* main.m in Sources */,
				346E74022A4A29D5006ECAD5 /* device.cpp in Sources */,
				346E73C62A4A29D5006ECAD5 /* AppDelegate.m in Sources */,
				346EBFD92A49F33D00771230 /* Renderer.m in Sources */,
				346E73B72A4A29D5006ECAD5 /* Renderer.m in Sources */,
				346E73C92A4A29D5006ECAD5 /* GameViewController.m in Sources */,
				346E74082A4A29D5006ECAD5 /* data.cpp in Sources */,
				346E73DB2A4A29D5006ECAD5 /* render_gl.cpp in Sources */,
				346EBFBD2A49F33D00771230 /* GameViewController.m in Sources */,
				346E73A52A4A29D5006ECAD5 /* GameViewController.m in Sources */,
				346E73C32A4A29D5006ECAD5 /* main.m in Sources */,
				346E74202A4A29D5006ECAD5 /* main.cpp in Sources */,
				346EBFC52A49F33D00771230 /* main.m in Sources */,
				346EBFBA2A49F33D00771230 /* AppDelegate.m in Sources */,
				346E73FF2A4A29D5006ECAD5 /* audio.cpp in Sources */,
				346E73D22A4A29D5006ECAD5 /* main.m in Sources */,
				346EBFDC2A49F33D00771230 /* Shaders.metal in Sources */,
				346E73D82A4A29D5006ECAD5 /* render.cpp in Sources */,
				346E74052A4A29D5006ECAD5 /* fileio.cpp in Sources */,
			);
			runOnlyForDeploymentPostprocessing = 0;
		};
		346EBFC62A49F33D00771230 /* Sources */ = {
			isa = PBXSourcesBuildPhase;
			buildActionMask = 2147483647;
			files = (
				346E73E52A4A29D5006ECAD5 /* script.cpp in Sources */,
				346E74152A4A29D5006ECAD5 /* tools.cpp in Sources */,
				346E740F2A4A29D5006ECAD5 /* inspector.cpp in Sources */,
				346E740C2A4A29D5006ECAD5 /* opengl.cpp in Sources */,
				346E73E22A4A29D5006ECAD5 /* profiler.cpp in Sources */,
				346E73B52A4A29D5006ECAD5 /* Shaders.metal in Sources */,
				346E73DF2A4A29D5006ECAD5 /* log.cpp in Sources */,
				346E73AF2A4A29D5006ECAD5 /* AppDelegate.m in Sources */,
				346E74122A4A29D5006ECAD5 /* configuration.cpp in Sources */,
				346E74032A4A29D5006ECAD5 /* device.cpp in Sources */,
				346EBFDA2A49F33D00771230 /* Renderer.m in Sources */,
				346E74092A4A29D5006ECAD5 /* data.cpp in Sources */,
				346E73DC2A4A29D5006ECAD5 /* render_gl.cpp in Sources */,
				346E73A62A4A29D5006ECAD5 /* GameViewController.m in Sources */,
				346E74212A4A29D5006ECAD5 /* main.cpp in Sources */,
				346EBFD62A49F33D00771230 /* main.m in Sources */,
				346EBFCE2A49F33D00771230 /* AppDelegate.m in Sources */,
				346E74002A4A29D5006ECAD5 /* audio.cpp in Sources */,
				346E73D92A4A29D5006ECAD5 /* render.cpp in Sources */,
				346E74062A4A29D5006ECAD5 /* fileio.cpp in Sources */,
			);
			runOnlyForDeploymentPostprocessing = 0;
		};
/* End PBXSourcesBuildPhase section */

/* Begin PBXVariantGroup section */
		346E735D2A4A29D5006ECAD5 /* Main.storyboard */ = {
			isa = PBXVariantGroup;
			children = (
				346E735E2A4A29D5006ECAD5 /* Base */,
			);
			name = Main.storyboard;
			sourceTree = "<group>";
		};
		346E736B2A4A29D5006ECAD5 /* LaunchScreen.storyboard */ = {
			isa = PBXVariantGroup;
			children = (
				346E736C2A4A29D5006ECAD5 /* Base */,
			);
			name = LaunchScreen.storyboard;
			sourceTree = "<group>";
		};
		346E736D2A4A29D5006ECAD5 /* Main.storyboard */ = {
			isa = PBXVariantGroup;
			children = (
				346E736E2A4A29D5006ECAD5 /* Base */,
			);
			name = Main.storyboard;
			sourceTree = "<group>";
		};
		346E73752A4A29D5006ECAD5 /* LaunchScreen.storyboard */ = {
			isa = PBXVariantGroup;
			children = (
				346E73762A4A29D5006ECAD5 /* Base */,
			);
			name = LaunchScreen.storyboard;
			sourceTree = "<group>";
		};
		346E73772A4A29D5006ECAD5 /* Main.storyboard */ = {
			isa = PBXVariantGroup;
			children = (
				346E73782A4A29D5006ECAD5 /* Base */,
			);
			name = Main.storyboard;
			sourceTree = "<group>";
		};
		346EBFAA2A49F33D00771230 /* Main.storyboard */ = {
			isa = PBXVariantGroup;
			children = (
				346EBFAB2A49F33D00771230 /* Base */,
			);
			name = Main.storyboard;
			sourceTree = "<group>";
		};
		346EBFAD2A49F33D00771230 /* LaunchScreen.storyboard */ = {
			isa = PBXVariantGroup;
			children = (
				346EBFAE2A49F33D00771230 /* Base */,
			);
			name = LaunchScreen.storyboard;
			sourceTree = "<group>";
		};
		346EBFBE2A49F33D00771230 /* Main.storyboard */ = {
			isa = PBXVariantGroup;
			children = (
				346EBFBF2A49F33D00771230 /* Base */,
			);
			name = Main.storyboard;
			sourceTree = "<group>";
		};
		346EBFC12A49F33D00771230 /* LaunchScreen.storyboard */ = {
			isa = PBXVariantGroup;
			children = (
				346EBFC22A49F33D00771230 /* Base */,
			);
			name = LaunchScreen.storyboard;
			sourceTree = "<group>";
		};
		346EBFD22A49F33D00771230 /* Main.storyboard */ = {
			isa = PBXVariantGroup;
			children = (
				346EBFD32A49F33D00771230 /* Base */,
			);
			name = Main.storyboard;
			sourceTree = "<group>";
		};
/* End PBXVariantGroup section */

/* Begin XCBuildConfiguration section */
		346EBFE12A49F33D00771230 /* Debug */ = {
			isa = XCBuildConfiguration;
			buildSettings = {
				ALWAYS_SEARCH_USER_PATHS = NO;
				CLANG_ANALYZER_NONNULL = YES;
				CLANG_ANALYZER_NUMBER_OBJECT_CONVERSION = YES_AGGRESSIVE;
				CLANG_CXX_LANGUAGE_STANDARD = "gnu++20";
				CLANG_ENABLE_MODULES = YES;
				CLANG_ENABLE_OBJC_ARC = YES;
				CLANG_ENABLE_OBJC_WEAK = YES;
				CLANG_WARN_BLOCK_CAPTURE_AUTORELEASING = YES;
				CLANG_WARN_BOOL_CONVERSION = YES;
				CLANG_WARN_COMMA = YES;
				CLANG_WARN_CONSTANT_CONVERSION = YES;
				CLANG_WARN_DEPRECATED_OBJC_IMPLEMENTATIONS = YES;
				CLANG_WARN_DIRECT_OBJC_ISA_USAGE = YES_ERROR;
				CLANG_WARN_DOCUMENTATION_COMMENTS = YES;
				CLANG_WARN_EMPTY_BODY = YES;
				CLANG_WARN_ENUM_CONVERSION = YES;
				CLANG_WARN_INFINITE_RECURSION = YES;
				CLANG_WARN_INT_CONVERSION = YES;
				CLANG_WARN_NON_LITERAL_NULL_CONVERSION = YES;
				CLANG_WARN_OBJC_IMPLICIT_RETAIN_SELF = YES;
				CLANG_WARN_OBJC_LITERAL_CONVERSION = YES;
				CLANG_WARN_OBJC_ROOT_CLASS = YES_ERROR;
				CLANG_WARN_QUOTED_INCLUDE_IN_FRAMEWORK_HEADER = YES;
				CLANG_WARN_RANGE_LOOP_ANALYSIS = YES;
				CLANG_WARN_STRICT_PROTOTYPES = YES;
				CLANG_WARN_SUSPICIOUS_MOVE = YES;
				CLANG_WARN_UNGUARDED_AVAILABILITY = YES_AGGRESSIVE;
				CLANG_WARN_UNREACHABLE_CODE = YES;
				CLANG_WARN__DUPLICATE_METHOD_MATCH = YES;
				COPY_PHASE_STRIP = NO;
				DEBUG_INFORMATION_FORMAT = dwarf;
				ENABLE_STRICT_OBJC_MSGSEND = YES;
				ENABLE_TESTABILITY = YES;
				GCC_C_LANGUAGE_STANDARD = gnu11;
				GCC_DYNAMIC_NO_PIC = NO;
				GCC_NO_COMMON_BLOCKS = YES;
				GCC_OPTIMIZATION_LEVEL = 0;
				GCC_PREPROCESSOR_DEFINITIONS = (
					"DEBUG=1",
					"$(inherited)",
				);
				GCC_WARN_64_TO_32_BIT_CONVERSION = YES;
				GCC_WARN_ABOUT_RETURN_TYPE = YES_ERROR;
				GCC_WARN_UNDECLARED_SELECTOR = YES;
				GCC_WARN_UNINITIALIZED_AUTOS = YES_AGGRESSIVE;
				GCC_WARN_UNUSED_FUNCTION = YES;
				GCC_WARN_UNUSED_VARIABLE = YES;
				HEADER_SEARCH_PATHS = (
					"$(PROJECT_DIR)/code/include",
					"$(PROJECT_DIR)/external/",
					"$(PROJECT_DIR)/external/imgui",
					"$(PROJECT_DIR)/external/wren/include",
					"$(PROJECT_DIR)/external/wren/optional",
					"$(PROJECT_DIR)/external/wren/vm",
				);
				MTL_ENABLE_DEBUG_INFO = INCLUDE_SOURCE;
				MTL_FAST_MATH = YES;
				ONLY_ACTIVE_ARCH = YES;
			};
			name = Debug;
		};
		346EBFE22A49F33D00771230 /* Release */ = {
			isa = XCBuildConfiguration;
			buildSettings = {
				ALWAYS_SEARCH_USER_PATHS = NO;
				CLANG_ANALYZER_NONNULL = YES;
				CLANG_ANALYZER_NUMBER_OBJECT_CONVERSION = YES_AGGRESSIVE;
				CLANG_CXX_LANGUAGE_STANDARD = "gnu++20";
				CLANG_ENABLE_MODULES = YES;
				CLANG_ENABLE_OBJC_ARC = YES;
				CLANG_ENABLE_OBJC_WEAK = YES;
				CLANG_WARN_BLOCK_CAPTURE_AUTORELEASING = YES;
				CLANG_WARN_BOOL_CONVERSION = YES;
				CLANG_WARN_COMMA = YES;
				CLANG_WARN_CONSTANT_CONVERSION = YES;
				CLANG_WARN_DEPRECATED_OBJC_IMPLEMENTATIONS = YES;
				CLANG_WARN_DIRECT_OBJC_ISA_USAGE = YES_ERROR;
				CLANG_WARN_DOCUMENTATION_COMMENTS = YES;
				CLANG_WARN_EMPTY_BODY = YES;
				CLANG_WARN_ENUM_CONVERSION = YES;
				CLANG_WARN_INFINITE_RECURSION = YES;
				CLANG_WARN_INT_CONVERSION = YES;
				CLANG_WARN_NON_LITERAL_NULL_CONVERSION = YES;
				CLANG_WARN_OBJC_IMPLICIT_RETAIN_SELF = YES;
				CLANG_WARN_OBJC_LITERAL_CONVERSION = YES;
				CLANG_WARN_OBJC_ROOT_CLASS = YES_ERROR;
				CLANG_WARN_QUOTED_INCLUDE_IN_FRAMEWORK_HEADER = YES;
				CLANG_WARN_RANGE_LOOP_ANALYSIS = YES;
				CLANG_WARN_STRICT_PROTOTYPES = YES;
				CLANG_WARN_SUSPICIOUS_MOVE = YES;
				CLANG_WARN_UNGUARDED_AVAILABILITY = YES_AGGRESSIVE;
				CLANG_WARN_UNREACHABLE_CODE = YES;
				CLANG_WARN__DUPLICATE_METHOD_MATCH = YES;
				COPY_PHASE_STRIP = NO;
				DEBUG_INFORMATION_FORMAT = "dwarf-with-dsym";
				ENABLE_NS_ASSERTIONS = NO;
				ENABLE_STRICT_OBJC_MSGSEND = YES;
				GCC_C_LANGUAGE_STANDARD = gnu11;
				GCC_NO_COMMON_BLOCKS = YES;
				GCC_WARN_64_TO_32_BIT_CONVERSION = YES;
				GCC_WARN_ABOUT_RETURN_TYPE = YES_ERROR;
				GCC_WARN_UNDECLARED_SELECTOR = YES;
				GCC_WARN_UNINITIALIZED_AUTOS = YES_AGGRESSIVE;
				GCC_WARN_UNUSED_FUNCTION = YES;
				GCC_WARN_UNUSED_VARIABLE = YES;
				HEADER_SEARCH_PATHS = (
					"$(PROJECT_DIR)/code/include",
					"$(PROJECT_DIR)/external/",
					"$(PROJECT_DIR)/external/imgui",
					"$(PROJECT_DIR)/external/wren/include",
					"$(PROJECT_DIR)/external/wren/optional",
					"$(PROJECT_DIR)/external/wren/vm",
				);
				MTL_ENABLE_DEBUG_INFO = NO;
				MTL_FAST_MATH = YES;
			};
			name = Release;
		};
		346EBFE42A49F33D00771230 /* Debug */ = {
			isa = XCBuildConfiguration;
			buildSettings = {
				ASSETCATALOG_COMPILER_APPICON_NAME = AppIcon;
				ASSETCATALOG_COMPILER_GLOBAL_ACCENT_COLOR_NAME = AccentColor;
				CODE_SIGN_STYLE = Automatic;
				CURRENT_PROJECT_VERSION = 1;
				DEVELOPMENT_TEAM = 3JY2438PPJ;
				GENERATE_INFOPLIST_FILE = YES;
				INFOPLIST_KEY_UIApplicationSupportsIndirectInputEvents = YES;
				INFOPLIST_KEY_UILaunchStoryboardName = LaunchScreen;
				INFOPLIST_KEY_UIMainStoryboardFile = Main;
				INFOPLIST_KEY_UIStatusBarHidden = YES;
				INFOPLIST_KEY_UISupportedInterfaceOrientations_iPad = "UIInterfaceOrientationPortrait UIInterfaceOrientationPortraitUpsideDown UIInterfaceOrientationLandscapeLeft UIInterfaceOrientationLandscapeRight";
				INFOPLIST_KEY_UISupportedInterfaceOrientations_iPhone = "UIInterfaceOrientationPortrait UIInterfaceOrientationLandscapeLeft UIInterfaceOrientationLandscapeRight";
				IPHONEOS_DEPLOYMENT_TARGET = 16.4;
				LD_RUNPATH_SEARCH_PATHS = (
					"$(inherited)",
					"@executable_path/Frameworks",
				);
				MARKETING_VERSION = 1.0;
				PRODUCT_BUNDLE_IDENTIFIER = BoyanEndrovski.xs;
				PRODUCT_NAME = xs;
				SDKROOT = iphoneos;
				SWIFT_EMIT_LOC_STRINGS = YES;
				TARGETED_DEVICE_FAMILY = "1,2";
			};
			name = Debug;
		};
		346EBFE52A49F33D00771230 /* Release */ = {
			isa = XCBuildConfiguration;
			buildSettings = {
				ASSETCATALOG_COMPILER_APPICON_NAME = AppIcon;
				ASSETCATALOG_COMPILER_GLOBAL_ACCENT_COLOR_NAME = AccentColor;
				CODE_SIGN_STYLE = Automatic;
				CURRENT_PROJECT_VERSION = 1;
				DEVELOPMENT_TEAM = 3JY2438PPJ;
				GENERATE_INFOPLIST_FILE = YES;
				INFOPLIST_KEY_UIApplicationSupportsIndirectInputEvents = YES;
				INFOPLIST_KEY_UILaunchStoryboardName = LaunchScreen;
				INFOPLIST_KEY_UIMainStoryboardFile = Main;
				INFOPLIST_KEY_UIStatusBarHidden = YES;
				INFOPLIST_KEY_UISupportedInterfaceOrientations_iPad = "UIInterfaceOrientationPortrait UIInterfaceOrientationPortraitUpsideDown UIInterfaceOrientationLandscapeLeft UIInterfaceOrientationLandscapeRight";
				INFOPLIST_KEY_UISupportedInterfaceOrientations_iPhone = "UIInterfaceOrientationPortrait UIInterfaceOrientationLandscapeLeft UIInterfaceOrientationLandscapeRight";
				IPHONEOS_DEPLOYMENT_TARGET = 16.4;
				LD_RUNPATH_SEARCH_PATHS = (
					"$(inherited)",
					"@executable_path/Frameworks",
				);
				MARKETING_VERSION = 1.0;
				PRODUCT_BUNDLE_IDENTIFIER = BoyanEndrovski.xs;
				PRODUCT_NAME = xs;
				SDKROOT = iphoneos;
				SWIFT_EMIT_LOC_STRINGS = YES;
				TARGETED_DEVICE_FAMILY = "1,2";
				VALIDATE_PRODUCT = YES;
			};
			name = Release;
		};
		346EBFE72A49F33D00771230 /* Debug */ = {
			isa = XCBuildConfiguration;
			buildSettings = {
				ASSETCATALOG_COMPILER_APPICON_NAME = "tvOS App Icon & Top Shelf Image";
				ASSETCATALOG_COMPILER_GLOBAL_ACCENT_COLOR_NAME = AccentColor;
				CODE_SIGN_STYLE = Automatic;
				CURRENT_PROJECT_VERSION = 1;
				DEVELOPMENT_TEAM = 3JY2438PPJ;
				GENERATE_INFOPLIST_FILE = YES;
				INFOPLIST_KEY_UILaunchStoryboardName = LaunchScreen;
				INFOPLIST_KEY_UIMainStoryboardFile = Main;
				INFOPLIST_KEY_UIUserInterfaceStyle = Automatic;
				LD_RUNPATH_SEARCH_PATHS = (
					"$(inherited)",
					"@executable_path/Frameworks",
				);
				MARKETING_VERSION = 1.0;
				PRODUCT_BUNDLE_IDENTIFIER = BoyanEndrovski.xs;
				PRODUCT_NAME = xs;
				SDKROOT = appletvos;
				SWIFT_EMIT_LOC_STRINGS = YES;
				TARGETED_DEVICE_FAMILY = 3;
				TVOS_DEPLOYMENT_TARGET = 16.4;
			};
			name = Debug;
		};
		346EBFE82A49F33D00771230 /* Release */ = {
			isa = XCBuildConfiguration;
			buildSettings = {
				ASSETCATALOG_COMPILER_APPICON_NAME = "tvOS App Icon & Top Shelf Image";
				ASSETCATALOG_COMPILER_GLOBAL_ACCENT_COLOR_NAME = AccentColor;
				CODE_SIGN_STYLE = Automatic;
				CURRENT_PROJECT_VERSION = 1;
				DEVELOPMENT_TEAM = 3JY2438PPJ;
				GENERATE_INFOPLIST_FILE = YES;
				INFOPLIST_KEY_UILaunchStoryboardName = LaunchScreen;
				INFOPLIST_KEY_UIMainStoryboardFile = Main;
				INFOPLIST_KEY_UIUserInterfaceStyle = Automatic;
				LD_RUNPATH_SEARCH_PATHS = (
					"$(inherited)",
					"@executable_path/Frameworks",
				);
				MARKETING_VERSION = 1.0;
				PRODUCT_BUNDLE_IDENTIFIER = BoyanEndrovski.xs;
				PRODUCT_NAME = xs;
				SDKROOT = appletvos;
				SWIFT_EMIT_LOC_STRINGS = YES;
				TARGETED_DEVICE_FAMILY = 3;
				TVOS_DEPLOYMENT_TARGET = 16.4;
				VALIDATE_PRODUCT = YES;
			};
			name = Release;
		};
		346EBFEA2A49F33D00771230 /* Debug */ = {
			isa = XCBuildConfiguration;
			buildSettings = {
				ASSETCATALOG_COMPILER_APPICON_NAME = AppIcon;
				ASSETCATALOG_COMPILER_GLOBAL_ACCENT_COLOR_NAME = AccentColor;
				CODE_SIGN_ENTITLEMENTS = code/source/apple/macos/xs_macOS.entitlements;
				CODE_SIGN_IDENTITY = "Apple Development";
				"CODE_SIGN_IDENTITY[sdk=macosx*]" = "Apple Development";
				CODE_SIGN_STYLE = Automatic;
				COMBINE_HIDPI_IMAGES = YES;
				CURRENT_PROJECT_VERSION = 1;
				DEVELOPMENT_TEAM = 3JY2438PPJ;
				ENABLE_HARDENED_RUNTIME = YES;
				GENERATE_INFOPLIST_FILE = YES;
				INFOPLIST_KEY_NSHumanReadableCopyright = "";
				INFOPLIST_KEY_NSMainStoryboardFile = Main;
				INFOPLIST_KEY_NSPrincipalClass = NSApplication;
				LD_RUNPATH_SEARCH_PATHS = (
					"$(inherited)",
					"@executable_path/../Frameworks",
				);
				MACOSX_DEPLOYMENT_TARGET = 13.3;
				MARKETING_VERSION = 1.0;
				PRODUCT_BUNDLE_IDENTIFIER = BoyanEndrovski.xs;
				PRODUCT_NAME = xs;
				PROVISIONING_PROFILE_SPECIFIER = "";
				SDKROOT = macosx;
				SWIFT_EMIT_LOC_STRINGS = YES;
			};
			name = Debug;
		};
		346EBFEB2A49F33D00771230 /* Release */ = {
			isa = XCBuildConfiguration;
			buildSettings = {
				ASSETCATALOG_COMPILER_APPICON_NAME = AppIcon;
				ASSETCATALOG_COMPILER_GLOBAL_ACCENT_COLOR_NAME = AccentColor;
				CODE_SIGN_ENTITLEMENTS = macos/xs_macOS.entitlements;
				CODE_SIGN_IDENTITY = "Apple Development";
				"CODE_SIGN_IDENTITY[sdk=macosx*]" = "Apple Development";
				CODE_SIGN_STYLE = Automatic;
				COMBINE_HIDPI_IMAGES = YES;
				CURRENT_PROJECT_VERSION = 1;
				DEVELOPMENT_TEAM = 3JY2438PPJ;
				ENABLE_HARDENED_RUNTIME = YES;
				GENERATE_INFOPLIST_FILE = YES;
				INFOPLIST_KEY_NSHumanReadableCopyright = "";
				INFOPLIST_KEY_NSMainStoryboardFile = Main;
				INFOPLIST_KEY_NSPrincipalClass = NSApplication;
				LD_RUNPATH_SEARCH_PATHS = (
					"$(inherited)",
					"@executable_path/../Frameworks",
				);
				MACOSX_DEPLOYMENT_TARGET = 13.3;
				MARKETING_VERSION = 1.0;
				PRODUCT_BUNDLE_IDENTIFIER = BoyanEndrovski.xs;
				PRODUCT_NAME = xs;
				PROVISIONING_PROFILE_SPECIFIER = "";
				SDKROOT = macosx;
				SWIFT_EMIT_LOC_STRINGS = YES;
			};
			name = Release;
		};
/* End XCBuildConfiguration section */

/* Begin XCConfigurationList section */
		346EBF962A49F33C00771230 /* Build configuration list for PBXProject "xs" */ = {
			isa = XCConfigurationList;
			buildConfigurations = (
				346EBFE12A49F33D00771230 /* Debug */,
				346EBFE22A49F33D00771230 /* Release */,
			);
			defaultConfigurationIsVisible = 0;
			defaultConfigurationName = Release;
		};
		346EBFE32A49F33D00771230 /* Build configuration list for PBXNativeTarget "ios" */ = {
			isa = XCConfigurationList;
			buildConfigurations = (
				346EBFE42A49F33D00771230 /* Debug */,
				346EBFE52A49F33D00771230 /* Release */,
			);
			defaultConfigurationIsVisible = 0;
			defaultConfigurationName = Release;
		};
		346EBFE62A49F33D00771230 /* Build configuration list for PBXNativeTarget "tvos" */ = {
			isa = XCConfigurationList;
			buildConfigurations = (
				346EBFE72A49F33D00771230 /* Debug */,
				346EBFE82A49F33D00771230 /* Release */,
			);
			defaultConfigurationIsVisible = 0;
			defaultConfigurationName = Release;
		};
		346EBFE92A49F33D00771230 /* Build configuration list for PBXNativeTarget "macos" */ = {
			isa = XCConfigurationList;
			buildConfigurations = (
				346EBFEA2A49F33D00771230 /* Debug */,
				346EBFEB2A49F33D00771230 /* Release */,
			);
			defaultConfigurationIsVisible = 0;
			defaultConfigurationName = Release;
		};
/* End XCConfigurationList section */
	};
	rootObject = 346EBF932A49F33C00771230 /* Project object */;
}
